// !$*UTF8*$!
{
	archiveVersion = 1;
	classes = {
	};
	objectVersion = 55;
	objects = {

/* Begin PBXBuildFile section */
		8A09E6D92796A2FE005D98BF /* Then in Frameworks */ = {isa = PBXBuildFile; productRef = 8A09E6D82796A2FE005D98BF /* Then */; };
		8A09E6DC2796A30A005D98BF /* SnapKit in Frameworks */ = {isa = PBXBuildFile; productRef = 8A09E6DB2796A30A005D98BF /* SnapKit */; };
		8A09E6DF2796A328005D98BF /* PhoneAuthMainView.swift in Sources */ = {isa = PBXBuildFile; fileRef = 8A09E6DE2796A328005D98BF /* PhoneAuthMainView.swift */; };
		8A12FAA927A2307100DD362A /* ValidateCodeUseCase.swift in Sources */ = {isa = PBXBuildFile; fileRef = 8A12FAA827A2307100DD362A /* ValidateCodeUseCase.swift */; };
		8A15287427A7840800B958EB /* SeSACGenderPicker.swift in Sources */ = {isa = PBXBuildFile; fileRef = 8A15287327A7840800B958EB /* SeSACGenderPicker.swift */; };
		8A15287627A7849D00B958EB /* SeSACGenderIndicator.swift in Sources */ = {isa = PBXBuildFile; fileRef = 8A15287527A7849D00B958EB /* SeSACGenderIndicator.swift */; };
		8A4103A927985B270039C9FA /* Assets.xcassets in Resources */ = {isa = PBXBuildFile; fileRef = 8A4103A827985B270039C9FA /* Assets.xcassets */; };
		8A4103E32798EA7D0039C9FA /* SeSACFriendsUIKit.h in Headers */ = {isa = PBXBuildFile; fileRef = 8A4103E22798EA7D0039C9FA /* SeSACFriendsUIKit.h */; settings = {ATTRIBUTES = (Public, ); }; };
		8A4103E62798EA7D0039C9FA /* SeSACFriendsUIKit.framework in Frameworks */ = {isa = PBXBuildFile; fileRef = 8A4103E02798EA7D0039C9FA /* SeSACFriendsUIKit.framework */; };
		8A4103E82798EA7D0039C9FA /* SeSACFriendsUIKit.framework in Embed Frameworks */ = {isa = PBXBuildFile; fileRef = 8A4103E02798EA7D0039C9FA /* SeSACFriendsUIKit.framework */; settings = {ATTRIBUTES = (CodeSignOnCopy, RemoveHeadersOnCopy, ); }; };
		8A44F6EB279E50DF00044C8B /* FakeCoordinator.swift in Sources */ = {isa = PBXBuildFile; fileRef = 8A44F6EA279E50DF00044C8B /* FakeCoordinator.swift */; };
		8A674BB1279C30EF00EDEA3F /* Router.swift in Sources */ = {isa = PBXBuildFile; fileRef = 8A674BB0279C30EF00EDEA3F /* Router.swift */; };
		8A674BB3279C316F00EDEA3F /* Coordinator.swift in Sources */ = {isa = PBXBuildFile; fileRef = 8A674BB2279C316F00EDEA3F /* Coordinator.swift */; };
		8A674BB9279D796600EDEA3F /* Images.xcassets in Resources */ = {isa = PBXBuildFile; fileRef = 8A674BB8279D796600EDEA3F /* Images.xcassets */; };
		8A674BBF279D7CDC00EDEA3F /* Images+Generated.swift in Sources */ = {isa = PBXBuildFile; fileRef = 8A674BBE279D7CDC00EDEA3F /* Images+Generated.swift */; };
		8A674BC2279D7EEA00EDEA3F /* WelcomeViewController.swift in Sources */ = {isa = PBXBuildFile; fileRef = 8A674BC1279D7EEA00EDEA3F /* WelcomeViewController.swift */; };
		8A674BCA279D823A00EDEA3F /* WelcomeRootView.swift in Sources */ = {isa = PBXBuildFile; fileRef = 8A674BC9279D823A00EDEA3F /* WelcomeRootView.swift */; };
		8A674BCD279D844B00EDEA3F /* RepresentableView.swift in Sources */ = {isa = PBXBuildFile; fileRef = 8A674BCC279D844B00EDEA3F /* RepresentableView.swift */; };
		8A674BD1279DA95700EDEA3F /* Font.swift in Sources */ = {isa = PBXBuildFile; fileRef = 8A674BD0279DA95700EDEA3F /* Font.swift */; };
		8A674BD5279DAF8A00EDEA3F /* WelcomeImageView.swift in Sources */ = {isa = PBXBuildFile; fileRef = 8A674BD4279DAF8A00EDEA3F /* WelcomeImageView.swift */; };
		8A674BD7279DB2D700EDEA3F /* WelcomePageView.swift in Sources */ = {isa = PBXBuildFile; fileRef = 8A674BD6279DB2D700EDEA3F /* WelcomePageView.swift */; };
		8A6C29AB279A52DB004EC855 /* PhoneAuthViewModel.swift in Sources */ = {isa = PBXBuildFile; fileRef = 8A6C29AA279A52DB004EC855 /* PhoneAuthViewModel.swift */; };
		8A6DB1EA2799365800477705 /* GoogleService-Info.plist in Resources */ = {isa = PBXBuildFile; fileRef = 8A6DB1E82799365800477705 /* GoogleService-Info.plist */; };
		8A6DB1ED2799374C00477705 /* Then in Frameworks */ = {isa = PBXBuildFile; productRef = 8A6DB1EC2799374C00477705 /* Then */; };
		8A6DB1EF2799374F00477705 /* SnapKit in Frameworks */ = {isa = PBXBuildFile; productRef = 8A6DB1EE2799374F00477705 /* SnapKit */; };
		8A6DB1F42799484400477705 /* UIFont+Extension.swift in Sources */ = {isa = PBXBuildFile; fileRef = 8A09E6D327969B66005D98BF /* UIFont+Extension.swift */; };
		8A6DB1F52799484700477705 /* UILabel+extension.swift in Sources */ = {isa = PBXBuildFile; fileRef = 8A09E6E22796B24E005D98BF /* UILabel+extension.swift */; };
		8A6DB1F72799485E00477705 /* Constant.swift in Sources */ = {isa = PBXBuildFile; fileRef = 8A09E6D527969E05005D98BF /* Constant.swift */; };
		8A6DB1FB27995ED000477705 /* SeSACButton.swift in Sources */ = {isa = PBXBuildFile; fileRef = 8A4103F02798EAC00039C9FA /* SeSACButton.swift */; };
		8A6DB1FC27995ED300477705 /* SeSACTextField.swift in Sources */ = {isa = PBXBuildFile; fileRef = 8A4103F8279926730039C9FA /* SeSACTextField.swift */; };
		8A6DB1FF27995F7700477705 /* CGColor+Extension.swift in Sources */ = {isa = PBXBuildFile; fileRef = 8A6DB1F8279948C600477705 /* CGColor+Extension.swift */; };
		8A6DB20027995F7A00477705 /* UIColor+Extension.swift in Sources */ = {isa = PBXBuildFile; fileRef = 8A6DB1F0279944B900477705 /* UIColor+Extension.swift */; };
		8A6DB20127995F9600477705 /* NotoSansKR-Medium.otf in Resources */ = {isa = PBXBuildFile; fileRef = 8A09E6C9279699C5005D98BF /* NotoSansKR-Medium.otf */; };
		8A6DB20227995F9800477705 /* NotoSansKR-Regular.otf in Resources */ = {isa = PBXBuildFile; fileRef = 8A09E6CA279699C5005D98BF /* NotoSansKR-Regular.otf */; };
		8A6DB20327995F9B00477705 /* swiftgen.yml in Resources */ = {isa = PBXBuildFile; fileRef = 8A4103B6279874500039C9FA /* swiftgen.yml */; };
		8A6DB20427995F9E00477705 /* Colors+Generated.swift in Sources */ = {isa = PBXBuildFile; fileRef = 8A4103AC27985FC10039C9FA /* Colors+Generated.swift */; };
		8A6DB20627995FA300477705 /* Colors.xcassets in Resources */ = {isa = PBXBuildFile; fileRef = 8A4103AE279869630039C9FA /* Colors.xcassets */; };
		8A8CDD0127A1BA13006144EA /* CommonViewModelProtocol.swift in Sources */ = {isa = PBXBuildFile; fileRef = 8A8CDD0027A1BA13006144EA /* CommonViewModelProtocol.swift */; };
		8A8CDD0427A1BABA006144EA /* UseCase.swift in Sources */ = {isa = PBXBuildFile; fileRef = 8A8CDD0327A1BABA006144EA /* UseCase.swift */; };
		8A961B21279DB9C900CC2163 /* AppDelegateCoordinator.swift in Sources */ = {isa = PBXBuildFile; fileRef = 8A961B20279DB9C900CC2163 /* AppDelegateCoordinator.swift */; };
		8A961B25279DC65500CC2163 /* RepresentableViewController.swift in Sources */ = {isa = PBXBuildFile; fileRef = 8A961B24279DC65500CC2163 /* RepresentableViewController.swift */; };
		8A961B29279DC8A600CC2163 /* AppDelegateRouter.swift in Sources */ = {isa = PBXBuildFile; fileRef = 8A961B28279DC8A500CC2163 /* AppDelegateRouter.swift */; };
		8A961B2D279DCEFC00CC2163 /* LaunchScreen.storyboard in Resources */ = {isa = PBXBuildFile; fileRef = 8AD2132727965318003DEC53 /* LaunchScreen.storyboard */; };
		8A97EBCD27A6E52700C33BDE /* BirthdayUseCase.swift in Sources */ = {isa = PBXBuildFile; fileRef = 8A97EBCC27A6E52700C33BDE /* BirthdayUseCase.swift */; };
		8A97EBCF27A6EC4C00C33BDE /* EmailViewController.swift in Sources */ = {isa = PBXBuildFile; fileRef = 8A97EBCE27A6EC4C00C33BDE /* EmailViewController.swift */; };
		8A97EBD127A6EC8600C33BDE /* EmailRootView.swift in Sources */ = {isa = PBXBuildFile; fileRef = 8A97EBD027A6EC8600C33BDE /* EmailRootView.swift */; };
		8A97EBD327A6ECBE00C33BDE /* EmailViewModel.swift in Sources */ = {isa = PBXBuildFile; fileRef = 8A97EBD227A6ECBE00C33BDE /* EmailViewModel.swift */; };
		8AA697B827A3F30D002A6638 /* SeSACUnitField.swift in Sources */ = {isa = PBXBuildFile; fileRef = 8AA697B727A3F30D002A6638 /* SeSACUnitField.swift */; };
		8AB37F9F27A94AE20053D0A9 /* SeSACRemoteAPI.swift in Sources */ = {isa = PBXBuildFile; fileRef = 8AB37F9E27A94AE20053D0A9 /* SeSACRemoteAPI.swift */; };
		8AB37FA127A94C330053D0A9 /* RemoteUserDTO.swift in Sources */ = {isa = PBXBuildFile; fileRef = 8AB37FA027A94C330053D0A9 /* RemoteUserDTO.swift */; };
		8AB37FA327A958110053D0A9 /* SignInUseCase.swift in Sources */ = {isa = PBXBuildFile; fileRef = 8AB37FA227A958110053D0A9 /* SignInUseCase.swift */; };
		8AB37FA827A967850053D0A9 /* HomeViewTest.swift in Sources */ = {isa = PBXBuildFile; fileRef = 8AB37FA727A967850053D0A9 /* HomeViewTest.swift */; };
		8AB37FAA27A9697C0053D0A9 /* HomeCoordinator.swift in Sources */ = {isa = PBXBuildFile; fileRef = 8AB37FA927A9697C0053D0A9 /* HomeCoordinator.swift */; };
		8AC317EC279ED5ED00646711 /* RxCocoa in Frameworks */ = {isa = PBXBuildFile; productRef = 8AC317EB279ED5ED00646711 /* RxCocoa */; };
		8AC317EE279ED5F200646711 /* RxSwift in Frameworks */ = {isa = PBXBuildFile; productRef = 8AC317ED279ED5F100646711 /* RxSwift */; };
		8AC317F2279ED7CC00646711 /* PhoneAuthUseCase.swift in Sources */ = {isa = PBXBuildFile; fileRef = 8AC317F1279ED7CC00646711 /* PhoneAuthUseCase.swift */; };
		8AC317F5279F09D200646711 /* VlidateCodeCheckView.swift in Sources */ = {isa = PBXBuildFile; fileRef = 8AC317F4279F09D200646711 /* VlidateCodeCheckView.swift */; };
		8AC317F7279F0A4100646711 /* ValidateCodeCheckViewModel.swift in Sources */ = {isa = PBXBuildFile; fileRef = 8AC317F6279F0A4100646711 /* ValidateCodeCheckViewModel.swift */; };
		8AC317FB279F0BF100646711 /* ValidateNumberTextField.swift in Sources */ = {isa = PBXBuildFile; fileRef = 8AC317FA279F0BF100646711 /* ValidateNumberTextField.swift */; };
		8AC317FE279F13F900646711 /* Toast in Frameworks */ = {isa = PBXBuildFile; productRef = 8AC317FD279F13F900646711 /* Toast */; };
		8AC31802279FF88800646711 /* ToastMessage.swift in Sources */ = {isa = PBXBuildFile; fileRef = 8AC31801279FF88800646711 /* ToastMessage.swift */; };
		8AC31805279FFF8500646711 /* View+Extension.swift in Sources */ = {isa = PBXBuildFile; fileRef = 8AC31804279FFF8500646711 /* View+Extension.swift */; };
		8AC3180D27A0309400646711 /* FirebaseAuth in Frameworks */ = {isa = PBXBuildFile; productRef = 8AC3180C27A0309400646711 /* FirebaseAuth */; };
		8AC3180F27A0309400646711 /* FirebaseInAppMessagingSwift-Beta in Frameworks */ = {isa = PBXBuildFile; productRef = 8AC3180E27A0309400646711 /* FirebaseInAppMessagingSwift-Beta */; };
		8AC3181127A0309400646711 /* FirebaseMessaging in Frameworks */ = {isa = PBXBuildFile; productRef = 8AC3181027A0309400646711 /* FirebaseMessaging */; };
		8AC3181627A05DB300646711 /* FakeFirebaseManager.swift in Sources */ = {isa = PBXBuildFile; fileRef = 8AC3181527A05DB300646711 /* FakeFirebaseManager.swift */; };
		8AC3181827A0604900646711 /* FirebaseErrorHandling.swift in Sources */ = {isa = PBXBuildFile; fileRef = 8AC3181727A0604900646711 /* FirebaseErrorHandling.swift */; };
		8AC3181E27A06D0300646711 /* UserSession.swift in Sources */ = {isa = PBXBuildFile; fileRef = 8AC3181D27A06D0300646711 /* UserSession.swift */; };
		8AC3182027A0716800646711 /* OnBoardingNavigationRouter.swift in Sources */ = {isa = PBXBuildFile; fileRef = 8AC3181F27A0716800646711 /* OnBoardingNavigationRouter.swift */; };
		8AC3182227A0758900646711 /* OnBoardingCoordinator.swift in Sources */ = {isa = PBXBuildFile; fileRef = 8AC3182127A0758900646711 /* OnBoardingCoordinator.swift */; };
		8AC3182427A0F3D500646711 /* ValidateCodeCheckViewController.swift in Sources */ = {isa = PBXBuildFile; fileRef = 8AC3182327A0F3D500646711 /* ValidateCodeCheckViewController.swift */; };
		8AC5D7C327A7D8F300FE83BF /* GenderRootView.swift in Sources */ = {isa = PBXBuildFile; fileRef = 8AC5D7C227A7D8F300FE83BF /* GenderRootView.swift */; };
		8AC5D7C527A7D8FA00FE83BF /* GenderViewController.swift in Sources */ = {isa = PBXBuildFile; fileRef = 8AC5D7C427A7D8FA00FE83BF /* GenderViewController.swift */; };
		8AC5D7C727A7D8FE00FE83BF /* GenderViewModel.swift in Sources */ = {isa = PBXBuildFile; fileRef = 8AC5D7C627A7D8FE00FE83BF /* GenderViewModel.swift */; };
		8AC5D7C927A7EE0800FE83BF /* GenderUseCase.swift in Sources */ = {isa = PBXBuildFile; fileRef = 8AC5D7C827A7EE0800FE83BF /* GenderUseCase.swift */; };
		8AD1305827A591DB00E482BC /* BirthdayRootView.swift in Sources */ = {isa = PBXBuildFile; fileRef = 8AD1305727A591DB00E482BC /* BirthdayRootView.swift */; };
		8AD1305A27A593EF00E482BC /* BirthdayViewController.swift in Sources */ = {isa = PBXBuildFile; fileRef = 8AD1305927A593EF00E482BC /* BirthdayViewController.swift */; };
		8AD1305D27A599E200E482BC /* RxGesture in Frameworks */ = {isa = PBXBuildFile; productRef = 8AD1305C27A599E200E482BC /* RxGesture */; };
		8AD1305F27A59C9F00E482BC /* BirthdayViewModel.swift in Sources */ = {isa = PBXBuildFile; fileRef = 8AD1305E27A59C9F00E482BC /* BirthdayViewModel.swift */; };
		8AD2131D27965316003DEC53 /* AppDelegate.swift in Sources */ = {isa = PBXBuildFile; fileRef = 8AD2131C27965316003DEC53 /* AppDelegate.swift */; };
		8AD2131F27965316003DEC53 /* SceneDelegate.swift in Sources */ = {isa = PBXBuildFile; fileRef = 8AD2131E27965316003DEC53 /* SceneDelegate.swift */; };
		8AD2132127965316003DEC53 /* PhoneAuthViewController.swift in Sources */ = {isa = PBXBuildFile; fileRef = 8AD2132027965316003DEC53 /* PhoneAuthViewController.swift */; };
		8AD6ADC627A2FB4D002A0283 /* NicknameViewController.swift in Sources */ = {isa = PBXBuildFile; fileRef = 8AD6ADC527A2FB4D002A0283 /* NicknameViewController.swift */; };
		8AD6ADC827A2FB55002A0283 /* NicknameRootView.swift in Sources */ = {isa = PBXBuildFile; fileRef = 8AD6ADC727A2FB55002A0283 /* NicknameRootView.swift */; };
		8AD6ADCA27A2FB9F002A0283 /* NicknameViewModel.swift in Sources */ = {isa = PBXBuildFile; fileRef = 8AD6ADC927A2FB9F002A0283 /* NicknameViewModel.swift */; };
		8AD6ADCC27A3028B002A0283 /* SeSACBirthField.swift in Sources */ = {isa = PBXBuildFile; fileRef = 8AD6ADCB27A3028B002A0283 /* SeSACBirthField.swift */; };
		8AD6ADD227A306C7002A0283 /* NicknameUseCase.swift in Sources */ = {isa = PBXBuildFile; fileRef = 8AD6ADD127A306C7002A0283 /* NicknameUseCase.swift */; };
		8AD6ADD927A310FA002A0283 /* UserProfile.swift in Sources */ = {isa = PBXBuildFile; fileRef = 8AD6ADD827A310FA002A0283 /* UserProfile.swift */; };
		8AEDF7D8279DCFCB00E3B16F /* EmbedNavigationRouter.swift in Sources */ = {isa = PBXBuildFile; fileRef = 8AEDF7D7279DCFCB00E3B16F /* EmbedNavigationRouter.swift */; };
		8AEDF7DC279DD35C00E3B16F /* WelcomeViewModel.swift in Sources */ = {isa = PBXBuildFile; fileRef = 8AEDF7DB279DD35C00E3B16F /* WelcomeViewModel.swift */; };
		8AEDF7DF279DD39300E3B16F /* RxCocoa in Frameworks */ = {isa = PBXBuildFile; productRef = 8AEDF7DE279DD39300E3B16F /* RxCocoa */; };
		8AEDF7E1279DD39300E3B16F /* RxRelay in Frameworks */ = {isa = PBXBuildFile; productRef = 8AEDF7E0279DD39300E3B16F /* RxRelay */; };
		8AEDF7E3279DD39300E3B16F /* RxSwift in Frameworks */ = {isa = PBXBuildFile; productRef = 8AEDF7E2279DD39300E3B16F /* RxSwift */; };
		8AF5DA9227A6F61A00AE3537 /* OnBoardingContainer.swift in Sources */ = {isa = PBXBuildFile; fileRef = 8AF5DA9127A6F61A00AE3537 /* OnBoardingContainer.swift */; };
		8AF5DA9527A6FB8700AE3537 /* RxKeyboard in Frameworks */ = {isa = PBXBuildFile; productRef = 8AF5DA9427A6FB8700AE3537 /* RxKeyboard */; };
		8AF5DA9927A7068A00AE3537 /* EmailUseCase.swift in Sources */ = {isa = PBXBuildFile; fileRef = 8AF5DA9827A7068A00AE3537 /* EmailUseCase.swift */; };
		8AF5DA9B27A706DD00AE3537 /* UserSessionUseCase.swift in Sources */ = {isa = PBXBuildFile; fileRef = 8AF5DA9A27A706DD00AE3537 /* UserSessionUseCase.swift */; };
/* End PBXBuildFile section */

/* Begin PBXContainerItemProxy section */
		8A4103E42798EA7D0039C9FA /* PBXContainerItemProxy */ = {
			isa = PBXContainerItemProxy;
			containerPortal = 8AD2131127965316003DEC53 /* Project object */;
			proxyType = 1;
			remoteGlobalIDString = 8A4103DF2798EA7D0039C9FA;
			remoteInfo = SeSACFriendsUIKit;
		};
/* End PBXContainerItemProxy section */

/* Begin PBXCopyFilesBuildPhase section */
		8A4103E72798EA7D0039C9FA /* Embed Frameworks */ = {
			isa = PBXCopyFilesBuildPhase;
			buildActionMask = 2147483647;
			dstPath = "";
			dstSubfolderSpec = 10;
			files = (
				8A4103E82798EA7D0039C9FA /* SeSACFriendsUIKit.framework in Embed Frameworks */,
			);
			name = "Embed Frameworks";
			runOnlyForDeploymentPostprocessing = 0;
		};
/* End PBXCopyFilesBuildPhase section */

/* Begin PBXFileReference section */
		8A09E6C9279699C5005D98BF /* NotoSansKR-Medium.otf */ = {isa = PBXFileReference; lastKnownFileType = file; path = "NotoSansKR-Medium.otf"; sourceTree = "<group>"; };
		8A09E6CA279699C5005D98BF /* NotoSansKR-Regular.otf */ = {isa = PBXFileReference; lastKnownFileType = file; path = "NotoSansKR-Regular.otf"; sourceTree = "<group>"; };
		8A09E6D327969B66005D98BF /* UIFont+Extension.swift */ = {isa = PBXFileReference; lastKnownFileType = sourcecode.swift; path = "UIFont+Extension.swift"; sourceTree = "<group>"; };
		8A09E6D527969E05005D98BF /* Constant.swift */ = {isa = PBXFileReference; lastKnownFileType = sourcecode.swift; path = Constant.swift; sourceTree = "<group>"; };
		8A09E6DE2796A328005D98BF /* PhoneAuthMainView.swift */ = {isa = PBXFileReference; lastKnownFileType = sourcecode.swift; path = PhoneAuthMainView.swift; sourceTree = "<group>"; };
		8A09E6E22796B24E005D98BF /* UILabel+extension.swift */ = {isa = PBXFileReference; lastKnownFileType = sourcecode.swift; path = "UILabel+extension.swift"; sourceTree = "<group>"; };
		8A12FAA827A2307100DD362A /* ValidateCodeUseCase.swift */ = {isa = PBXFileReference; lastKnownFileType = sourcecode.swift; path = ValidateCodeUseCase.swift; sourceTree = "<group>"; };
		8A15287327A7840800B958EB /* SeSACGenderPicker.swift */ = {isa = PBXFileReference; lastKnownFileType = sourcecode.swift; path = SeSACGenderPicker.swift; sourceTree = "<group>"; };
		8A15287527A7849D00B958EB /* SeSACGenderIndicator.swift */ = {isa = PBXFileReference; lastKnownFileType = sourcecode.swift; path = SeSACGenderIndicator.swift; sourceTree = "<group>"; };
		8A4103A827985B270039C9FA /* Assets.xcassets */ = {isa = PBXFileReference; lastKnownFileType = folder.assetcatalog; path = Assets.xcassets; sourceTree = "<group>"; };
		8A4103AC27985FC10039C9FA /* Colors+Generated.swift */ = {isa = PBXFileReference; fileEncoding = 4; lastKnownFileType = sourcecode.swift; path = "Colors+Generated.swift"; sourceTree = "<group>"; };
		8A4103AE279869630039C9FA /* Colors.xcassets */ = {isa = PBXFileReference; lastKnownFileType = folder.assetcatalog; path = Colors.xcassets; sourceTree = "<group>"; };
		8A4103B6279874500039C9FA /* swiftgen.yml */ = {isa = PBXFileReference; fileEncoding = 4; lastKnownFileType = text.yaml; path = swiftgen.yml; sourceTree = "<group>"; };
		8A4103E02798EA7D0039C9FA /* SeSACFriendsUIKit.framework */ = {isa = PBXFileReference; explicitFileType = wrapper.framework; includeInIndex = 0; path = SeSACFriendsUIKit.framework; sourceTree = BUILT_PRODUCTS_DIR; };
		8A4103E22798EA7D0039C9FA /* SeSACFriendsUIKit.h */ = {isa = PBXFileReference; lastKnownFileType = sourcecode.c.h; path = SeSACFriendsUIKit.h; sourceTree = "<group>"; };
		8A4103F02798EAC00039C9FA /* SeSACButton.swift */ = {isa = PBXFileReference; lastKnownFileType = sourcecode.swift; path = SeSACButton.swift; sourceTree = "<group>"; };
		8A4103F8279926730039C9FA /* SeSACTextField.swift */ = {isa = PBXFileReference; lastKnownFileType = sourcecode.swift; path = SeSACTextField.swift; sourceTree = "<group>"; };
		8A44F6EA279E50DF00044C8B /* FakeCoordinator.swift */ = {isa = PBXFileReference; lastKnownFileType = sourcecode.swift; path = FakeCoordinator.swift; sourceTree = "<group>"; };
		8A674BB0279C30EF00EDEA3F /* Router.swift */ = {isa = PBXFileReference; lastKnownFileType = sourcecode.swift; path = Router.swift; sourceTree = "<group>"; };
		8A674BB2279C316F00EDEA3F /* Coordinator.swift */ = {isa = PBXFileReference; lastKnownFileType = sourcecode.swift; path = Coordinator.swift; sourceTree = "<group>"; };
		8A674BB8279D796600EDEA3F /* Images.xcassets */ = {isa = PBXFileReference; lastKnownFileType = folder.assetcatalog; path = Images.xcassets; sourceTree = "<group>"; };
		8A674BBE279D7CDC00EDEA3F /* Images+Generated.swift */ = {isa = PBXFileReference; fileEncoding = 4; lastKnownFileType = sourcecode.swift; path = "Images+Generated.swift"; sourceTree = "<group>"; };
		8A674BC1279D7EEA00EDEA3F /* WelcomeViewController.swift */ = {isa = PBXFileReference; lastKnownFileType = sourcecode.swift; path = WelcomeViewController.swift; sourceTree = "<group>"; };
		8A674BC9279D823A00EDEA3F /* WelcomeRootView.swift */ = {isa = PBXFileReference; lastKnownFileType = sourcecode.swift; path = WelcomeRootView.swift; sourceTree = "<group>"; };
		8A674BCC279D844B00EDEA3F /* RepresentableView.swift */ = {isa = PBXFileReference; lastKnownFileType = sourcecode.swift; path = RepresentableView.swift; sourceTree = "<group>"; };
		8A674BD0279DA95700EDEA3F /* Font.swift */ = {isa = PBXFileReference; lastKnownFileType = sourcecode.swift; path = Font.swift; sourceTree = "<group>"; };
		8A674BD4279DAF8A00EDEA3F /* WelcomeImageView.swift */ = {isa = PBXFileReference; lastKnownFileType = sourcecode.swift; path = WelcomeImageView.swift; sourceTree = "<group>"; };
		8A674BD6279DB2D700EDEA3F /* WelcomePageView.swift */ = {isa = PBXFileReference; lastKnownFileType = sourcecode.swift; path = WelcomePageView.swift; sourceTree = "<group>"; };
		8A6C29AA279A52DB004EC855 /* PhoneAuthViewModel.swift */ = {isa = PBXFileReference; lastKnownFileType = sourcecode.swift; path = PhoneAuthViewModel.swift; sourceTree = "<group>"; };
		8A6DB1E82799365800477705 /* GoogleService-Info.plist */ = {isa = PBXFileReference; fileEncoding = 4; lastKnownFileType = text.plist.xml; path = "GoogleService-Info.plist"; sourceTree = "<group>"; };
		8A6DB1F0279944B900477705 /* UIColor+Extension.swift */ = {isa = PBXFileReference; lastKnownFileType = sourcecode.swift; path = "UIColor+Extension.swift"; sourceTree = "<group>"; };
		8A6DB1F8279948C600477705 /* CGColor+Extension.swift */ = {isa = PBXFileReference; lastKnownFileType = sourcecode.swift; path = "CGColor+Extension.swift"; sourceTree = "<group>"; };
		8A8CDD0027A1BA13006144EA /* CommonViewModelProtocol.swift */ = {isa = PBXFileReference; lastKnownFileType = sourcecode.swift; path = CommonViewModelProtocol.swift; sourceTree = "<group>"; };
		8A8CDD0327A1BABA006144EA /* UseCase.swift */ = {isa = PBXFileReference; lastKnownFileType = sourcecode.swift; path = UseCase.swift; sourceTree = "<group>"; };
		8A961B20279DB9C900CC2163 /* AppDelegateCoordinator.swift */ = {isa = PBXFileReference; lastKnownFileType = sourcecode.swift; path = AppDelegateCoordinator.swift; sourceTree = "<group>"; };
		8A961B24279DC65500CC2163 /* RepresentableViewController.swift */ = {isa = PBXFileReference; lastKnownFileType = sourcecode.swift; path = RepresentableViewController.swift; sourceTree = "<group>"; };
		8A961B28279DC8A500CC2163 /* AppDelegateRouter.swift */ = {isa = PBXFileReference; lastKnownFileType = sourcecode.swift; path = AppDelegateRouter.swift; sourceTree = "<group>"; };
		8A97EBCC27A6E52700C33BDE /* BirthdayUseCase.swift */ = {isa = PBXFileReference; lastKnownFileType = sourcecode.swift; path = BirthdayUseCase.swift; sourceTree = "<group>"; };
		8A97EBCE27A6EC4C00C33BDE /* EmailViewController.swift */ = {isa = PBXFileReference; lastKnownFileType = sourcecode.swift; path = EmailViewController.swift; sourceTree = "<group>"; };
		8A97EBD027A6EC8600C33BDE /* EmailRootView.swift */ = {isa = PBXFileReference; lastKnownFileType = sourcecode.swift; path = EmailRootView.swift; sourceTree = "<group>"; };
		8A97EBD227A6ECBE00C33BDE /* EmailViewModel.swift */ = {isa = PBXFileReference; lastKnownFileType = sourcecode.swift; path = EmailViewModel.swift; sourceTree = "<group>"; };
		8AA697B727A3F30D002A6638 /* SeSACUnitField.swift */ = {isa = PBXFileReference; lastKnownFileType = sourcecode.swift; path = SeSACUnitField.swift; sourceTree = "<group>"; };
		8AB37F9E27A94AE20053D0A9 /* SeSACRemoteAPI.swift */ = {isa = PBXFileReference; lastKnownFileType = sourcecode.swift; path = SeSACRemoteAPI.swift; sourceTree = "<group>"; };
		8AB37FA027A94C330053D0A9 /* RemoteUserDTO.swift */ = {isa = PBXFileReference; lastKnownFileType = sourcecode.swift; path = RemoteUserDTO.swift; sourceTree = "<group>"; };
		8AB37FA227A958110053D0A9 /* SignInUseCase.swift */ = {isa = PBXFileReference; lastKnownFileType = sourcecode.swift; path = SignInUseCase.swift; sourceTree = "<group>"; };
		8AB37FA727A967850053D0A9 /* HomeViewTest.swift */ = {isa = PBXFileReference; lastKnownFileType = sourcecode.swift; path = HomeViewTest.swift; sourceTree = "<group>"; };
		8AB37FA927A9697C0053D0A9 /* HomeCoordinator.swift */ = {isa = PBXFileReference; lastKnownFileType = sourcecode.swift; path = HomeCoordinator.swift; sourceTree = "<group>"; };
		8AC317F1279ED7CC00646711 /* PhoneAuthUseCase.swift */ = {isa = PBXFileReference; lastKnownFileType = sourcecode.swift; path = PhoneAuthUseCase.swift; sourceTree = "<group>"; };
		8AC317F4279F09D200646711 /* VlidateCodeCheckView.swift */ = {isa = PBXFileReference; lastKnownFileType = sourcecode.swift; path = VlidateCodeCheckView.swift; sourceTree = "<group>"; };
		8AC317F6279F0A4100646711 /* ValidateCodeCheckViewModel.swift */ = {isa = PBXFileReference; lastKnownFileType = sourcecode.swift; path = ValidateCodeCheckViewModel.swift; sourceTree = "<group>"; };
		8AC317FA279F0BF100646711 /* ValidateNumberTextField.swift */ = {isa = PBXFileReference; lastKnownFileType = sourcecode.swift; path = ValidateNumberTextField.swift; sourceTree = "<group>"; };
		8AC31801279FF88800646711 /* ToastMessage.swift */ = {isa = PBXFileReference; lastKnownFileType = sourcecode.swift; path = ToastMessage.swift; sourceTree = "<group>"; };
		8AC31804279FFF8500646711 /* View+Extension.swift */ = {isa = PBXFileReference; lastKnownFileType = sourcecode.swift; path = "View+Extension.swift"; sourceTree = "<group>"; };
		8AC3181527A05DB300646711 /* FakeFirebaseManager.swift */ = {isa = PBXFileReference; lastKnownFileType = sourcecode.swift; path = FakeFirebaseManager.swift; sourceTree = "<group>"; };
		8AC3181727A0604900646711 /* FirebaseErrorHandling.swift */ = {isa = PBXFileReference; lastKnownFileType = sourcecode.swift; path = FirebaseErrorHandling.swift; sourceTree = "<group>"; };
		8AC3181D27A06D0300646711 /* UserSession.swift */ = {isa = PBXFileReference; lastKnownFileType = sourcecode.swift; path = UserSession.swift; sourceTree = "<group>"; };
		8AC3181F27A0716800646711 /* OnBoardingNavigationRouter.swift */ = {isa = PBXFileReference; lastKnownFileType = sourcecode.swift; path = OnBoardingNavigationRouter.swift; sourceTree = "<group>"; };
		8AC3182127A0758900646711 /* OnBoardingCoordinator.swift */ = {isa = PBXFileReference; lastKnownFileType = sourcecode.swift; path = OnBoardingCoordinator.swift; sourceTree = "<group>"; };
		8AC3182327A0F3D500646711 /* ValidateCodeCheckViewController.swift */ = {isa = PBXFileReference; lastKnownFileType = sourcecode.swift; path = ValidateCodeCheckViewController.swift; sourceTree = "<group>"; };
		8AC5D7C227A7D8F300FE83BF /* GenderRootView.swift */ = {isa = PBXFileReference; lastKnownFileType = sourcecode.swift; path = GenderRootView.swift; sourceTree = "<group>"; };
		8AC5D7C427A7D8FA00FE83BF /* GenderViewController.swift */ = {isa = PBXFileReference; lastKnownFileType = sourcecode.swift; path = GenderViewController.swift; sourceTree = "<group>"; };
		8AC5D7C627A7D8FE00FE83BF /* GenderViewModel.swift */ = {isa = PBXFileReference; lastKnownFileType = sourcecode.swift; path = GenderViewModel.swift; sourceTree = "<group>"; };
		8AC5D7C827A7EE0800FE83BF /* GenderUseCase.swift */ = {isa = PBXFileReference; lastKnownFileType = sourcecode.swift; path = GenderUseCase.swift; sourceTree = "<group>"; };
		8AD1305727A591DB00E482BC /* BirthdayRootView.swift */ = {isa = PBXFileReference; lastKnownFileType = sourcecode.swift; path = BirthdayRootView.swift; sourceTree = "<group>"; };
		8AD1305927A593EF00E482BC /* BirthdayViewController.swift */ = {isa = PBXFileReference; lastKnownFileType = sourcecode.swift; path = BirthdayViewController.swift; sourceTree = "<group>"; };
		8AD1305E27A59C9F00E482BC /* BirthdayViewModel.swift */ = {isa = PBXFileReference; lastKnownFileType = sourcecode.swift; path = BirthdayViewModel.swift; sourceTree = "<group>"; };
		8AD2131927965316003DEC53 /* SeSACFriends.app */ = {isa = PBXFileReference; explicitFileType = wrapper.application; includeInIndex = 0; path = SeSACFriends.app; sourceTree = BUILT_PRODUCTS_DIR; };
		8AD2131C27965316003DEC53 /* AppDelegate.swift */ = {isa = PBXFileReference; lastKnownFileType = sourcecode.swift; path = AppDelegate.swift; sourceTree = "<group>"; };
		8AD2131E27965316003DEC53 /* SceneDelegate.swift */ = {isa = PBXFileReference; lastKnownFileType = sourcecode.swift; path = SceneDelegate.swift; sourceTree = "<group>"; };
		8AD2132027965316003DEC53 /* PhoneAuthViewController.swift */ = {isa = PBXFileReference; lastKnownFileType = sourcecode.swift; path = PhoneAuthViewController.swift; sourceTree = "<group>"; };
		8AD2132827965318003DEC53 /* Base */ = {isa = PBXFileReference; lastKnownFileType = file.storyboard; name = Base; path = Base.lproj/LaunchScreen.storyboard; sourceTree = "<group>"; };
		8AD2132A27965318003DEC53 /* Info.plist */ = {isa = PBXFileReference; lastKnownFileType = text.plist.xml; path = Info.plist; sourceTree = "<group>"; };
		8AD6ADC527A2FB4D002A0283 /* NicknameViewController.swift */ = {isa = PBXFileReference; lastKnownFileType = sourcecode.swift; path = NicknameViewController.swift; sourceTree = "<group>"; };
		8AD6ADC727A2FB55002A0283 /* NicknameRootView.swift */ = {isa = PBXFileReference; lastKnownFileType = sourcecode.swift; path = NicknameRootView.swift; sourceTree = "<group>"; };
		8AD6ADC927A2FB9F002A0283 /* NicknameViewModel.swift */ = {isa = PBXFileReference; lastKnownFileType = sourcecode.swift; path = NicknameViewModel.swift; sourceTree = "<group>"; };
		8AD6ADCB27A3028B002A0283 /* SeSACBirthField.swift */ = {isa = PBXFileReference; lastKnownFileType = sourcecode.swift; path = SeSACBirthField.swift; sourceTree = "<group>"; };
		8AD6ADD127A306C7002A0283 /* NicknameUseCase.swift */ = {isa = PBXFileReference; lastKnownFileType = sourcecode.swift; path = NicknameUseCase.swift; sourceTree = "<group>"; };
		8AD6ADD827A310FA002A0283 /* UserProfile.swift */ = {isa = PBXFileReference; lastKnownFileType = sourcecode.swift; path = UserProfile.swift; sourceTree = "<group>"; };
		8AEDF7D7279DCFCB00E3B16F /* EmbedNavigationRouter.swift */ = {isa = PBXFileReference; lastKnownFileType = sourcecode.swift; path = EmbedNavigationRouter.swift; sourceTree = "<group>"; };
		8AEDF7DB279DD35C00E3B16F /* WelcomeViewModel.swift */ = {isa = PBXFileReference; lastKnownFileType = sourcecode.swift; path = WelcomeViewModel.swift; sourceTree = "<group>"; };
		8AF5DA9127A6F61A00AE3537 /* OnBoardingContainer.swift */ = {isa = PBXFileReference; lastKnownFileType = sourcecode.swift; path = OnBoardingContainer.swift; sourceTree = "<group>"; };
		8AF5DA9827A7068A00AE3537 /* EmailUseCase.swift */ = {isa = PBXFileReference; lastKnownFileType = sourcecode.swift; path = EmailUseCase.swift; sourceTree = "<group>"; };
		8AF5DA9A27A706DD00AE3537 /* UserSessionUseCase.swift */ = {isa = PBXFileReference; lastKnownFileType = sourcecode.swift; path = UserSessionUseCase.swift; sourceTree = "<group>"; };
/* End PBXFileReference section */

/* Begin PBXFrameworksBuildPhase section */
		8A4103DD2798EA7D0039C9FA /* Frameworks */ = {
			isa = PBXFrameworksBuildPhase;
			buildActionMask = 2147483647;
			files = (
				8AC317EC279ED5ED00646711 /* RxCocoa in Frameworks */,
				8A6DB1ED2799374C00477705 /* Then in Frameworks */,
				8AC317EE279ED5F200646711 /* RxSwift in Frameworks */,
				8A6DB1EF2799374F00477705 /* SnapKit in Frameworks */,
			);
			runOnlyForDeploymentPostprocessing = 0;
		};
		8AD2131627965316003DEC53 /* Frameworks */ = {
			isa = PBXFrameworksBuildPhase;
			buildActionMask = 2147483647;
			files = (
				8AEDF7E3279DD39300E3B16F /* RxSwift in Frameworks */,
				8AF5DA9527A6FB8700AE3537 /* RxKeyboard in Frameworks */,
				8AEDF7E1279DD39300E3B16F /* RxRelay in Frameworks */,
				8AC3181127A0309400646711 /* FirebaseMessaging in Frameworks */,
				8A09E6D92796A2FE005D98BF /* Then in Frameworks */,
				8A4103E62798EA7D0039C9FA /* SeSACFriendsUIKit.framework in Frameworks */,
				8AEDF7DF279DD39300E3B16F /* RxCocoa in Frameworks */,
				8AC317FE279F13F900646711 /* Toast in Frameworks */,
				8A09E6DC2796A30A005D98BF /* SnapKit in Frameworks */,
				8AD1305D27A599E200E482BC /* RxGesture in Frameworks */,
				8AC3180F27A0309400646711 /* FirebaseInAppMessagingSwift-Beta in Frameworks */,
				8AC3180D27A0309400646711 /* FirebaseAuth in Frameworks */,
			);
			runOnlyForDeploymentPostprocessing = 0;
		};
/* End PBXFrameworksBuildPhase section */

/* Begin PBXGroup section */
		8A09E6C227969960005D98BF /* Resources */ = {
			isa = PBXGroup;
			children = (
				8A4103A827985B270039C9FA /* Assets.xcassets */,
				8AD2132A27965318003DEC53 /* Info.plist */,
			);
			path = Resources;
			sourceTree = "<group>";
		};
		8A09E6C327969995005D98BF /* Supports */ = {
			isa = PBXGroup;
			children = (
				8AD2131C27965316003DEC53 /* AppDelegate.swift */,
				8AD2131E27965316003DEC53 /* SceneDelegate.swift */,
			);
			path = Supports;
			sourceTree = "<group>";
		};
		8A09E6C42796999C005D98BF /* Views */ = {
			isa = PBXGroup;
			children = (
				8AD2132027965316003DEC53 /* PhoneAuthViewController.swift */,
				8A09E6DE2796A328005D98BF /* PhoneAuthMainView.swift */,
				8AC3182327A0F3D500646711 /* ValidateCodeCheckViewController.swift */,
				8AC317F4279F09D200646711 /* VlidateCodeCheckView.swift */,
			);
			path = Views;
			sourceTree = "<group>";
		};
		8A09E6D1279699C8005D98BF /* Fonts */ = {
			isa = PBXGroup;
			children = (
				8A09E6C9279699C5005D98BF /* NotoSansKR-Medium.otf */,
				8A09E6CA279699C5005D98BF /* NotoSansKR-Regular.otf */,
			);
			path = Fonts;
			sourceTree = "<group>";
		};
		8A09E6D227969B5D005D98BF /* Extensions */ = {
			isa = PBXGroup;
			children = (
				8A674BD0279DA95700EDEA3F /* Font.swift */,
				8AC31804279FFF8500646711 /* View+Extension.swift */,
			);
			path = Extensions;
			sourceTree = "<group>";
		};
		8A4103E12798EA7D0039C9FA /* SeSACFriendsUIKit */ = {
			isa = PBXGroup;
			children = (
				8A09E6D527969E05005D98BF /* Constant.swift */,
				8A4103E22798EA7D0039C9FA /* SeSACFriendsUIKit.h */,
				8A4103F62798F4710039C9FA /* Extensions */,
				8A4103EF2798EAA10039C9FA /* ReusableView */,
				8A4103F32798F43F0039C9FA /* Resources */,
			);
			path = SeSACFriendsUIKit;
			sourceTree = "<group>";
		};
		8A4103EF2798EAA10039C9FA /* ReusableView */ = {
			isa = PBXGroup;
			children = (
				8A4103F02798EAC00039C9FA /* SeSACButton.swift */,
				8A4103F8279926730039C9FA /* SeSACTextField.swift */,
				8AC317FA279F0BF100646711 /* ValidateNumberTextField.swift */,
				8A674BCC279D844B00EDEA3F /* RepresentableView.swift */,
				8A961B24279DC65500CC2163 /* RepresentableViewController.swift */,
				8AD6ADCB27A3028B002A0283 /* SeSACBirthField.swift */,
				8AA697B727A3F30D002A6638 /* SeSACUnitField.swift */,
				8A15287327A7840800B958EB /* SeSACGenderPicker.swift */,
				8A15287527A7849D00B958EB /* SeSACGenderIndicator.swift */,
			);
			path = ReusableView;
			sourceTree = "<group>";
		};
		8A4103F32798F43F0039C9FA /* Resources */ = {
			isa = PBXGroup;
			children = (
				8A09E6D1279699C8005D98BF /* Fonts */,
				8A4103B6279874500039C9FA /* swiftgen.yml */,
				8A4103AC27985FC10039C9FA /* Colors+Generated.swift */,
				8A674BBE279D7CDC00EDEA3F /* Images+Generated.swift */,
				8A674BB8279D796600EDEA3F /* Images.xcassets */,
				8A4103AE279869630039C9FA /* Colors.xcassets */,
			);
			path = Resources;
			sourceTree = "<group>";
		};
		8A4103F62798F4710039C9FA /* Extensions */ = {
			isa = PBXGroup;
			children = (
				8A09E6D327969B66005D98BF /* UIFont+Extension.swift */,
				8A09E6E22796B24E005D98BF /* UILabel+extension.swift */,
				8A6DB1F0279944B900477705 /* UIColor+Extension.swift */,
				8A6DB1F8279948C600477705 /* CGColor+Extension.swift */,
			);
			path = Extensions;
			sourceTree = "<group>";
		};
		8A674BAE279C30DF00EDEA3F /* Coordinator */ = {
			isa = PBXGroup;
			children = (
				8A674BB2279C316F00EDEA3F /* Coordinator.swift */,
				8A961B20279DB9C900CC2163 /* AppDelegateCoordinator.swift */,
				8AC3182127A0758900646711 /* OnBoardingCoordinator.swift */,
				8AF5DA9127A6F61A00AE3537 /* OnBoardingContainer.swift */,
				8A44F6EA279E50DF00044C8B /* FakeCoordinator.swift */,
				8AB37FA927A9697C0053D0A9 /* HomeCoordinator.swift */,
			);
			path = Coordinator;
			sourceTree = "<group>";
		};
		8A674BAF279C30E700EDEA3F /* Router */ = {
			isa = PBXGroup;
			children = (
				8A674BB0279C30EF00EDEA3F /* Router.swift */,
				8A961B28279DC8A500CC2163 /* AppDelegateRouter.swift */,
				8AC3181F27A0716800646711 /* OnBoardingNavigationRouter.swift */,
				8AEDF7D7279DCFCB00E3B16F /* EmbedNavigationRouter.swift */,
			);
			path = Router;
			sourceTree = "<group>";
		};
		8A674BC0279D7EDA00EDEA3F /* WelcomeScene */ = {
			isa = PBXGroup;
			children = (
				8AEDF7DB279DD35C00E3B16F /* WelcomeViewModel.swift */,
				8AC317F3279F03EB00646711 /* View */,
			);
			path = WelcomeScene;
			sourceTree = "<group>";
		};
		8A6C29A7279A4FB4004EC855 /* PresentationLayer */ = {
			isa = PBXGroup;
			children = (
				8A8CDD0527A1BB45006144EA /* Protocol */,
				8A674BAF279C30E700EDEA3F /* Router */,
				8A674BAE279C30DF00EDEA3F /* Coordinator */,
				8A674BC0279D7EDA00EDEA3F /* WelcomeScene */,
				8A6C29A8279A507E004EC855 /* LoginScene */,
				8AD6ADC427A2FB11002A0283 /* SignUpScene */,
				8AB37FA427A9671D0053D0A9 /* HomeScene */,
			);
			path = PresentationLayer;
			sourceTree = "<group>";
		};
		8A6C29A8279A507E004EC855 /* LoginScene */ = {
			isa = PBXGroup;
			children = (
				8A6C29A9279A50A0004EC855 /* ViewModel */,
				8A09E6C42796999C005D98BF /* Views */,
			);
			path = LoginScene;
			sourceTree = "<group>";
		};
		8A6C29A9279A50A0004EC855 /* ViewModel */ = {
			isa = PBXGroup;
			children = (
				8A6C29AA279A52DB004EC855 /* PhoneAuthViewModel.swift */,
				8AC317F6279F0A4100646711 /* ValidateCodeCheckViewModel.swift */,
			);
			path = ViewModel;
			sourceTree = "<group>";
		};
		8A6DB1EB2799374C00477705 /* Frameworks */ = {
			isa = PBXGroup;
			children = (
			);
			name = Frameworks;
			sourceTree = "<group>";
		};
		8A8CDD0227A1BAB4006144EA /* Protocol */ = {
			isa = PBXGroup;
			children = (
				8A8CDD0327A1BABA006144EA /* UseCase.swift */,
			);
			path = Protocol;
			sourceTree = "<group>";
		};
		8A8CDD0527A1BB45006144EA /* Protocol */ = {
			isa = PBXGroup;
			children = (
				8A8CDD0027A1BA13006144EA /* CommonViewModelProtocol.swift */,
			);
			path = Protocol;
			sourceTree = "<group>";
		};
		8AB37FA427A9671D0053D0A9 /* HomeScene */ = {
			isa = PBXGroup;
			children = (
				8AB37FA727A967850053D0A9 /* HomeViewTest.swift */,
			);
			path = HomeScene;
			sourceTree = "<group>";
		};
		8AC317EF279ED7B000646711 /* DomainLayer */ = {
			isa = PBXGroup;
			children = (
				8AC317F0279ED7BF00646711 /* UseCase */,
				8AC31803279FF88C00646711 /* Model */,
			);
			path = DomainLayer;
			sourceTree = "<group>";
		};
		8AC317F0279ED7BF00646711 /* UseCase */ = {
			isa = PBXGroup;
			children = (
				8A8CDD0227A1BAB4006144EA /* Protocol */,
				8AC317F1279ED7CC00646711 /* PhoneAuthUseCase.swift */,
				8AB37FA227A958110053D0A9 /* SignInUseCase.swift */,
				8AF5DA9A27A706DD00AE3537 /* UserSessionUseCase.swift */,
				8A12FAA827A2307100DD362A /* ValidateCodeUseCase.swift */,
				8AD6ADD127A306C7002A0283 /* NicknameUseCase.swift */,
				8A97EBCC27A6E52700C33BDE /* BirthdayUseCase.swift */,
				8AF5DA9827A7068A00AE3537 /* EmailUseCase.swift */,
				8AC5D7C827A7EE0800FE83BF /* GenderUseCase.swift */,
			);
			path = UseCase;
			sourceTree = "<group>";
		};
		8AC317F3279F03EB00646711 /* View */ = {
			isa = PBXGroup;
			children = (
				8A674BC1279D7EEA00EDEA3F /* WelcomeViewController.swift */,
				8A674BC9279D823A00EDEA3F /* WelcomeRootView.swift */,
				8A674BD4279DAF8A00EDEA3F /* WelcomeImageView.swift */,
				8A674BD6279DB2D700EDEA3F /* WelcomePageView.swift */,
			);
			path = View;
			sourceTree = "<group>";
		};
		8AC31803279FF88C00646711 /* Model */ = {
			isa = PBXGroup;
			children = (
				8AC31801279FF88800646711 /* ToastMessage.swift */,
				8AC3181727A0604900646711 /* FirebaseErrorHandling.swift */,
			);
			path = Model;
			sourceTree = "<group>";
		};
		8AC3180827A0060100646711 /* DataLayer */ = {
			isa = PBXGroup;
			children = (
				8AC3180927A0062500646711 /* Repository */,
			);
			path = DataLayer;
			sourceTree = "<group>";
		};
		8AC3180927A0062500646711 /* Repository */ = {
			isa = PBXGroup;
			children = (
				8AB37FA027A94C330053D0A9 /* RemoteUserDTO.swift */,
				8AD6ADD727A310EE002A0283 /* Entity */,
				8AC3181C27A06CC300646711 /* User */,
				8AC3181427A05DA600646711 /* Fake */,
				8AC3180A27A0062B00646711 /* Remote */,
			);
			path = Repository;
			sourceTree = "<group>";
		};
		8AC3180A27A0062B00646711 /* Remote */ = {
			isa = PBXGroup;
			children = (
				8AB37F9E27A94AE20053D0A9 /* SeSACRemoteAPI.swift */,
			);
			path = Remote;
			sourceTree = "<group>";
		};
		8AC3181427A05DA600646711 /* Fake */ = {
			isa = PBXGroup;
			children = (
				8AC3181527A05DB300646711 /* FakeFirebaseManager.swift */,
			);
			path = Fake;
			sourceTree = "<group>";
		};
		8AC3181C27A06CC300646711 /* User */ = {
			isa = PBXGroup;
			children = (
				8AC3181D27A06D0300646711 /* UserSession.swift */,
			);
			path = User;
			sourceTree = "<group>";
		};
		8AD2131027965316003DEC53 = {
			isa = PBXGroup;
			children = (
				8AD2131B27965316003DEC53 /* SeSACFriends */,
				8A6DB1E82799365800477705 /* GoogleService-Info.plist */,
				8A4103E12798EA7D0039C9FA /* SeSACFriendsUIKit */,
				8AD2131A27965316003DEC53 /* Products */,
				8A6DB1EB2799374C00477705 /* Frameworks */,
			);
			sourceTree = "<group>";
		};
		8AD2131A27965316003DEC53 /* Products */ = {
			isa = PBXGroup;
			children = (
				8AD2131927965316003DEC53 /* SeSACFriends.app */,
				8A4103E02798EA7D0039C9FA /* SeSACFriendsUIKit.framework */,
			);
			name = Products;
			sourceTree = "<group>";
		};
		8AD2131B27965316003DEC53 /* SeSACFriends */ = {
			isa = PBXGroup;
			children = (
				8A09E6C327969995005D98BF /* Supports */,
				8A09E6D227969B5D005D98BF /* Extensions */,
				8AC3180827A0060100646711 /* DataLayer */,
				8AC317EF279ED7B000646711 /* DomainLayer */,
				8A6C29A7279A4FB4004EC855 /* PresentationLayer */,
				8AD2132727965318003DEC53 /* LaunchScreen.storyboard */,
				8A09E6C227969960005D98BF /* Resources */,
			);
			path = SeSACFriends;
			sourceTree = "<group>";
		};
		8AD6ADC427A2FB11002A0283 /* SignUpScene */ = {
			isa = PBXGroup;
			children = (
				8AD6ADCE27A30429002A0283 /* ViewModel */,
				8AD6ADCD27A30414002A0283 /* Views */,
			);
			path = SignUpScene;
			sourceTree = "<group>";
		};
		8AD6ADCD27A30414002A0283 /* Views */ = {
			isa = PBXGroup;
			children = (
				8AD6ADC527A2FB4D002A0283 /* NicknameViewController.swift */,
				8AD6ADC727A2FB55002A0283 /* NicknameRootView.swift */,
				8AD1305727A591DB00E482BC /* BirthdayRootView.swift */,
				8AD1305927A593EF00E482BC /* BirthdayViewController.swift */,
				8A97EBD027A6EC8600C33BDE /* EmailRootView.swift */,
				8A97EBCE27A6EC4C00C33BDE /* EmailViewController.swift */,
				8AC5D7C227A7D8F300FE83BF /* GenderRootView.swift */,
				8AC5D7C427A7D8FA00FE83BF /* GenderViewController.swift */,
			);
			name = Views;
			sourceTree = "<group>";
		};
		8AD6ADCE27A30429002A0283 /* ViewModel */ = {
			isa = PBXGroup;
			children = (
				8AD6ADC927A2FB9F002A0283 /* NicknameViewModel.swift */,
				8AD1305E27A59C9F00E482BC /* BirthdayViewModel.swift */,
				8A97EBD227A6ECBE00C33BDE /* EmailViewModel.swift */,
				8AC5D7C627A7D8FE00FE83BF /* GenderViewModel.swift */,
			);
			name = ViewModel;
			sourceTree = "<group>";
		};
		8AD6ADD727A310EE002A0283 /* Entity */ = {
			isa = PBXGroup;
			children = (
				8AD6ADD827A310FA002A0283 /* UserProfile.swift */,
			);
			path = Entity;
			sourceTree = "<group>";
		};
/* End PBXGroup section */

/* Begin PBXHeadersBuildPhase section */
		8A4103DB2798EA7D0039C9FA /* Headers */ = {
			isa = PBXHeadersBuildPhase;
			buildActionMask = 2147483647;
			files = (
				8A4103E32798EA7D0039C9FA /* SeSACFriendsUIKit.h in Headers */,
			);
			runOnlyForDeploymentPostprocessing = 0;
		};
/* End PBXHeadersBuildPhase section */

/* Begin PBXNativeTarget section */
		8A4103DF2798EA7D0039C9FA /* SeSACFriendsUIKit */ = {
			isa = PBXNativeTarget;
			buildConfigurationList = 8A4103EB2798EA7D0039C9FA /* Build configuration list for PBXNativeTarget "SeSACFriendsUIKit" */;
			buildPhases = (
				8A4103DB2798EA7D0039C9FA /* Headers */,
				8A4103DC2798EA7D0039C9FA /* Sources */,
				8A4103DD2798EA7D0039C9FA /* Frameworks */,
				8A4103DE2798EA7D0039C9FA /* Resources */,
				8A6DB2082799605500477705 /* ShellScript */,
			);
			buildRules = (
			);
			dependencies = (
			);
			name = SeSACFriendsUIKit;
			packageProductDependencies = (
				8A6DB1EC2799374C00477705 /* Then */,
				8A6DB1EE2799374F00477705 /* SnapKit */,
				8AC317EB279ED5ED00646711 /* RxCocoa */,
				8AC317ED279ED5F100646711 /* RxSwift */,
			);
			productName = SeSACFriendsUIKit;
			productReference = 8A4103E02798EA7D0039C9FA /* SeSACFriendsUIKit.framework */;
			productType = "com.apple.product-type.framework";
		};
		8AD2131827965316003DEC53 /* SeSACFriends */ = {
			isa = PBXNativeTarget;
			buildConfigurationList = 8AD2132D27965318003DEC53 /* Build configuration list for PBXNativeTarget "SeSACFriends" */;
			buildPhases = (
				8AD2133027968C25003DEC53 /* ShellScript */,
				8AD2131527965316003DEC53 /* Sources */,
				8AD2131627965316003DEC53 /* Frameworks */,
				8AD2131727965316003DEC53 /* Resources */,
				8A4103B52798716F0039C9FA /* ShellScript */,
				8A4103E72798EA7D0039C9FA /* Embed Frameworks */,
			);
			buildRules = (
			);
			dependencies = (
				8A4103E52798EA7D0039C9FA /* PBXTargetDependency */,
			);
			name = SeSACFriends;
			packageProductDependencies = (
				8A09E6D82796A2FE005D98BF /* Then */,
				8A09E6DB2796A30A005D98BF /* SnapKit */,
				8AEDF7DE279DD39300E3B16F /* RxCocoa */,
				8AEDF7E0279DD39300E3B16F /* RxRelay */,
				8AEDF7E2279DD39300E3B16F /* RxSwift */,
				8AC317FD279F13F900646711 /* Toast */,
				8AC3180C27A0309400646711 /* FirebaseAuth */,
				8AC3180E27A0309400646711 /* FirebaseInAppMessagingSwift-Beta */,
				8AC3181027A0309400646711 /* FirebaseMessaging */,
				8AD1305C27A599E200E482BC /* RxGesture */,
				8AF5DA9427A6FB8700AE3537 /* RxKeyboard */,
			);
			productName = SeSACFriends;
			productReference = 8AD2131927965316003DEC53 /* SeSACFriends.app */;
			productType = "com.apple.product-type.application";
		};
/* End PBXNativeTarget section */

/* Begin PBXProject section */
		8AD2131127965316003DEC53 /* Project object */ = {
			isa = PBXProject;
			attributes = {
				BuildIndependentTargetsInParallel = 1;
				LastSwiftUpdateCheck = 1320;
				LastUpgradeCheck = 1320;
				TargetAttributes = {
					8A4103DF2798EA7D0039C9FA = {
						CreatedOnToolsVersion = 13.2;
						LastSwiftMigration = 1320;
					};
					8AD2131827965316003DEC53 = {
						CreatedOnToolsVersion = 13.2;
					};
				};
			};
			buildConfigurationList = 8AD2131427965316003DEC53 /* Build configuration list for PBXProject "SeSACFriends" */;
			compatibilityVersion = "Xcode 13.0";
			developmentRegion = en;
			hasScannedForEncodings = 0;
			knownRegions = (
				en,
				Base,
			);
			mainGroup = 8AD2131027965316003DEC53;
			packageReferences = (
				8A09E6D72796A2FE005D98BF /* XCRemoteSwiftPackageReference "Then" */,
				8A09E6DA2796A30A005D98BF /* XCRemoteSwiftPackageReference "SnapKit" */,
				8AEDF7DD279DD39300E3B16F /* XCRemoteSwiftPackageReference "RxSwift" */,
				8AC317FC279F13F900646711 /* XCRemoteSwiftPackageReference "Toast-Swift" */,
				8AC3180B27A0309400646711 /* XCRemoteSwiftPackageReference "firebase-ios-sdk" */,
				8AD1305B27A599E200E482BC /* XCRemoteSwiftPackageReference "RxGesture" */,
				8AF5DA9327A6FB8700AE3537 /* XCRemoteSwiftPackageReference "RxKeyboard" */,
			);
			productRefGroup = 8AD2131A27965316003DEC53 /* Products */;
			projectDirPath = "";
			projectRoot = "";
			targets = (
				8AD2131827965316003DEC53 /* SeSACFriends */,
				8A4103DF2798EA7D0039C9FA /* SeSACFriendsUIKit */,
			);
		};
/* End PBXProject section */

/* Begin PBXResourcesBuildPhase section */
		8A4103DE2798EA7D0039C9FA /* Resources */ = {
			isa = PBXResourcesBuildPhase;
			buildActionMask = 2147483647;
			files = (
				8A6DB20227995F9800477705 /* NotoSansKR-Regular.otf in Resources */,
				8A674BB9279D796600EDEA3F /* Images.xcassets in Resources */,
				8A6DB20627995FA300477705 /* Colors.xcassets in Resources */,
				8A6DB20127995F9600477705 /* NotoSansKR-Medium.otf in Resources */,
				8A6DB20327995F9B00477705 /* swiftgen.yml in Resources */,
			);
			runOnlyForDeploymentPostprocessing = 0;
		};
		8AD2131727965316003DEC53 /* Resources */ = {
			isa = PBXResourcesBuildPhase;
			buildActionMask = 2147483647;
			files = (
				8A961B2D279DCEFC00CC2163 /* LaunchScreen.storyboard in Resources */,
				8A6DB1EA2799365800477705 /* GoogleService-Info.plist in Resources */,
				8A4103A927985B270039C9FA /* Assets.xcassets in Resources */,
			);
			runOnlyForDeploymentPostprocessing = 0;
		};
/* End PBXResourcesBuildPhase section */

/* Begin PBXShellScriptBuildPhase section */
		8A4103B52798716F0039C9FA /* ShellScript */ = {
			isa = PBXShellScriptBuildPhase;
			buildActionMask = 2147483647;
			files = (
			);
			inputFileListPaths = (
			);
			inputPaths = (
			);
			outputFileListPaths = (
			);
			outputPaths = (
			);
			runOnlyForDeploymentPostprocessing = 0;
			shellPath = /bin/sh;
			shellScript = "
";
		};
		8A6DB2082799605500477705 /* ShellScript */ = {
			isa = PBXShellScriptBuildPhase;
			buildActionMask = 2147483647;
			files = (
			);
			inputFileListPaths = (
			);
			inputPaths = (
			);
			outputFileListPaths = (
			);
			outputPaths = (
			);
			runOnlyForDeploymentPostprocessing = 0;
			shellPath = /bin/sh;
			shellScript = "# Type a script or drag a script file from your workspace to insert its path.\nPATH=/opt/homebrew/bin:$PATH\ncd SeSACFriendsUIKit/Resources\nswiftgen\n";
		};
		8AD2133027968C25003DEC53 /* ShellScript */ = {
			isa = PBXShellScriptBuildPhase;
			buildActionMask = 2147483647;
			files = (
			);
			inputFileListPaths = (
			);
			inputPaths = (
			);
			outputFileListPaths = (
			);
			outputPaths = (
			);
			runOnlyForDeploymentPostprocessing = 0;
			shellPath = /bin/sh;
			shellScript = "PATH=/opt/homebrew/bin:$PATH\nif [ -f ~/swiftlint.yml ]; then\n  if which swiftlint >/dev/null; then\n    swiftlint --no-cache --config ~/swiftlint.yml\n  fi\nfi\n";
		};
/* End PBXShellScriptBuildPhase section */

/* Begin PBXSourcesBuildPhase section */
		8A4103DC2798EA7D0039C9FA /* Sources */ = {
			isa = PBXSourcesBuildPhase;
			buildActionMask = 2147483647;
			files = (
				8AD6ADCC27A3028B002A0283 /* SeSACBirthField.swift in Sources */,
				8A6DB20027995F7A00477705 /* UIColor+Extension.swift in Sources */,
				8A961B25279DC65500CC2163 /* RepresentableViewController.swift in Sources */,
				8A6DB1F42799484400477705 /* UIFont+Extension.swift in Sources */,
				8AA697B827A3F30D002A6638 /* SeSACUnitField.swift in Sources */,
				8A6DB1F72799485E00477705 /* Constant.swift in Sources */,
				8A15287627A7849D00B958EB /* SeSACGenderIndicator.swift in Sources */,
				8A6DB1F52799484700477705 /* UILabel+extension.swift in Sources */,
				8A6DB1FB27995ED000477705 /* SeSACButton.swift in Sources */,
				8A6DB20427995F9E00477705 /* Colors+Generated.swift in Sources */,
				8A15287427A7840800B958EB /* SeSACGenderPicker.swift in Sources */,
				8A674BBF279D7CDC00EDEA3F /* Images+Generated.swift in Sources */,
				8AC317FB279F0BF100646711 /* ValidateNumberTextField.swift in Sources */,
				8A6DB1FC27995ED300477705 /* SeSACTextField.swift in Sources */,
				8A6DB1FF27995F7700477705 /* CGColor+Extension.swift in Sources */,
				8A674BCD279D844B00EDEA3F /* RepresentableView.swift in Sources */,
			);
			runOnlyForDeploymentPostprocessing = 0;
		};
		8AD2131527965316003DEC53 /* Sources */ = {
			isa = PBXSourcesBuildPhase;
			buildActionMask = 2147483647;
			files = (
				8AEDF7D8279DCFCB00E3B16F /* EmbedNavigationRouter.swift in Sources */,
				8AD2132127965316003DEC53 /* PhoneAuthViewController.swift in Sources */,
				8AC317F7279F0A4100646711 /* ValidateCodeCheckViewModel.swift in Sources */,
				8AD6ADD227A306C7002A0283 /* NicknameUseCase.swift in Sources */,
				8AC3181627A05DB300646711 /* FakeFirebaseManager.swift in Sources */,
				8AD1305827A591DB00E482BC /* BirthdayRootView.swift in Sources */,
				8A44F6EB279E50DF00044C8B /* FakeCoordinator.swift in Sources */,
				8AD2131D27965316003DEC53 /* AppDelegate.swift in Sources */,
				8AB37FA127A94C330053D0A9 /* RemoteUserDTO.swift in Sources */,
				8AC5D7C327A7D8F300FE83BF /* GenderRootView.swift in Sources */,
				8AC5D7C527A7D8FA00FE83BF /* GenderViewController.swift in Sources */,
				8AD1305F27A59C9F00E482BC /* BirthdayViewModel.swift in Sources */,
				8AC3182427A0F3D500646711 /* ValidateCodeCheckViewController.swift in Sources */,
				8AD6ADD927A310FA002A0283 /* UserProfile.swift in Sources */,
				8AC3181E27A06D0300646711 /* UserSession.swift in Sources */,
				8A97EBD327A6ECBE00C33BDE /* EmailViewModel.swift in Sources */,
				8A961B21279DB9C900CC2163 /* AppDelegateCoordinator.swift in Sources */,
				8A09E6DF2796A328005D98BF /* PhoneAuthMainView.swift in Sources */,
				8AD2131F27965316003DEC53 /* SceneDelegate.swift in Sources */,
				8A674BCA279D823A00EDEA3F /* WelcomeRootView.swift in Sources */,
				8AD6ADCA27A2FB9F002A0283 /* NicknameViewModel.swift in Sources */,
				8AC317F2279ED7CC00646711 /* PhoneAuthUseCase.swift in Sources */,
				8A8CDD0127A1BA13006144EA /* CommonViewModelProtocol.swift in Sources */,
				8AC5D7C927A7EE0800FE83BF /* GenderUseCase.swift in Sources */,
				8A97EBD127A6EC8600C33BDE /* EmailRootView.swift in Sources */,
				8AB37F9F27A94AE20053D0A9 /* SeSACRemoteAPI.swift in Sources */,
				8AC317F5279F09D200646711 /* VlidateCodeCheckView.swift in Sources */,
				8AD6ADC827A2FB55002A0283 /* NicknameRootView.swift in Sources */,
				8A8CDD0427A1BABA006144EA /* UseCase.swift in Sources */,
				8A674BD1279DA95700EDEA3F /* Font.swift in Sources */,
				8AF5DA9927A7068A00AE3537 /* EmailUseCase.swift in Sources */,
				8A961B29279DC8A600CC2163 /* AppDelegateRouter.swift in Sources */,
				8AB37FAA27A9697C0053D0A9 /* HomeCoordinator.swift in Sources */,
				8AF5DA9227A6F61A00AE3537 /* OnBoardingContainer.swift in Sources */,
				8A97EBCD27A6E52700C33BDE /* BirthdayUseCase.swift in Sources */,
				8A12FAA927A2307100DD362A /* ValidateCodeUseCase.swift in Sources */,
				8AC3181827A0604900646711 /* FirebaseErrorHandling.swift in Sources */,
				8AC3182027A0716800646711 /* OnBoardingNavigationRouter.swift in Sources */,
				8AC3182227A0758900646711 /* OnBoardingCoordinator.swift in Sources */,
				8AD1305A27A593EF00E482BC /* BirthdayViewController.swift in Sources */,
				8AEDF7DC279DD35C00E3B16F /* WelcomeViewModel.swift in Sources */,
				8AC31802279FF88800646711 /* ToastMessage.swift in Sources */,
				8AB37FA327A958110053D0A9 /* SignInUseCase.swift in Sources */,
				8A674BB1279C30EF00EDEA3F /* Router.swift in Sources */,
				8AB37FA827A967850053D0A9 /* HomeViewTest.swift in Sources */,
				8A674BD5279DAF8A00EDEA3F /* WelcomeImageView.swift in Sources */,
				8A674BC2279D7EEA00EDEA3F /* WelcomeViewController.swift in Sources */,
				8AF5DA9B27A706DD00AE3537 /* UserSessionUseCase.swift in Sources */,
				8AC5D7C727A7D8FE00FE83BF /* GenderViewModel.swift in Sources */,
				8AC31805279FFF8500646711 /* View+Extension.swift in Sources */,
				8A97EBCF27A6EC4C00C33BDE /* EmailViewController.swift in Sources */,
				8AD6ADC627A2FB4D002A0283 /* NicknameViewController.swift in Sources */,
				8A6C29AB279A52DB004EC855 /* PhoneAuthViewModel.swift in Sources */,
				8A674BD7279DB2D700EDEA3F /* WelcomePageView.swift in Sources */,
				8A674BB3279C316F00EDEA3F /* Coordinator.swift in Sources */,
			);
			runOnlyForDeploymentPostprocessing = 0;
		};
/* End PBXSourcesBuildPhase section */

/* Begin PBXTargetDependency section */
		8A4103E52798EA7D0039C9FA /* PBXTargetDependency */ = {
			isa = PBXTargetDependency;
			target = 8A4103DF2798EA7D0039C9FA /* SeSACFriendsUIKit */;
			targetProxy = 8A4103E42798EA7D0039C9FA /* PBXContainerItemProxy */;
		};
/* End PBXTargetDependency section */

/* Begin PBXVariantGroup section */
		8AD2132727965318003DEC53 /* LaunchScreen.storyboard */ = {
			isa = PBXVariantGroup;
			children = (
				8AD2132827965318003DEC53 /* Base */,
			);
			name = LaunchScreen.storyboard;
			sourceTree = "<group>";
		};
/* End PBXVariantGroup section */

/* Begin XCBuildConfiguration section */
		8A4103E92798EA7D0039C9FA /* Debug */ = {
			isa = XCBuildConfiguration;
			buildSettings = {
				CLANG_ENABLE_MODULES = YES;
				CODE_SIGN_STYLE = Automatic;
				CURRENT_PROJECT_VERSION = 1;
				DEFINES_MODULE = YES;
				DEVELOPMENT_TEAM = 2EZ5QWFYX2;
				DYLIB_COMPATIBILITY_VERSION = 1;
				DYLIB_CURRENT_VERSION = 1;
				DYLIB_INSTALL_NAME_BASE = "@rpath";
				GENERATE_INFOPLIST_FILE = YES;
				INFOPLIST_KEY_NSHumanReadableCopyright = "";
				INSTALL_PATH = "$(LOCAL_LIBRARY_DIR)/Frameworks";
				IPHONEOS_DEPLOYMENT_TARGET = 14.0;
				LD_RUNPATH_SEARCH_PATHS = (
					"$(inherited)",
					"@executable_path/Frameworks",
					"@loader_path/Frameworks",
				);
				MARKETING_VERSION = 1.0;
				PRODUCT_BUNDLE_IDENTIFIER = com.GookBob.SeSACFriendsUIKit;
				PRODUCT_NAME = "$(TARGET_NAME:c99extidentifier)";
				SKIP_INSTALL = YES;
				SUPPORTS_MACCATALYST = NO;
				SWIFT_EMIT_LOC_STRINGS = YES;
				SWIFT_OPTIMIZATION_LEVEL = "-Onone";
				SWIFT_VERSION = 5.0;
				TARGETED_DEVICE_FAMILY = "1,2";
				VERSIONING_SYSTEM = "apple-generic";
				VERSION_INFO_PREFIX = "";
			};
			name = Debug;
		};
		8A4103EA2798EA7D0039C9FA /* Release */ = {
			isa = XCBuildConfiguration;
			buildSettings = {
				CLANG_ENABLE_MODULES = YES;
				CODE_SIGN_STYLE = Automatic;
				CURRENT_PROJECT_VERSION = 1;
				DEFINES_MODULE = YES;
				DEVELOPMENT_TEAM = 2EZ5QWFYX2;
				DYLIB_COMPATIBILITY_VERSION = 1;
				DYLIB_CURRENT_VERSION = 1;
				DYLIB_INSTALL_NAME_BASE = "@rpath";
				GENERATE_INFOPLIST_FILE = YES;
				INFOPLIST_KEY_NSHumanReadableCopyright = "";
				INSTALL_PATH = "$(LOCAL_LIBRARY_DIR)/Frameworks";
				IPHONEOS_DEPLOYMENT_TARGET = 14.0;
				LD_RUNPATH_SEARCH_PATHS = (
					"$(inherited)",
					"@executable_path/Frameworks",
					"@loader_path/Frameworks",
				);
				MARKETING_VERSION = 1.0;
				PRODUCT_BUNDLE_IDENTIFIER = com.GookBob.SeSACFriendsUIKit;
				PRODUCT_NAME = "$(TARGET_NAME:c99extidentifier)";
				SKIP_INSTALL = YES;
				SUPPORTS_MACCATALYST = NO;
				SWIFT_EMIT_LOC_STRINGS = YES;
				SWIFT_VERSION = 5.0;
				TARGETED_DEVICE_FAMILY = "1,2";
				VERSIONING_SYSTEM = "apple-generic";
				VERSION_INFO_PREFIX = "";
			};
			name = Release;
		};
		8AC3181927A06A9D00646711 /* Test */ = {
			isa = XCBuildConfiguration;
			buildSettings = {
				ALWAYS_SEARCH_USER_PATHS = NO;
				CLANG_ANALYZER_NONNULL = YES;
				CLANG_ANALYZER_NUMBER_OBJECT_CONVERSION = YES_AGGRESSIVE;
				CLANG_CXX_LANGUAGE_STANDARD = "gnu++17";
				CLANG_CXX_LIBRARY = "libc++";
				CLANG_ENABLE_MODULES = YES;
				CLANG_ENABLE_OBJC_ARC = YES;
				CLANG_ENABLE_OBJC_WEAK = YES;
				CLANG_WARN_BLOCK_CAPTURE_AUTORELEASING = YES;
				CLANG_WARN_BOOL_CONVERSION = YES;
				CLANG_WARN_COMMA = YES;
				CLANG_WARN_CONSTANT_CONVERSION = YES;
				CLANG_WARN_DEPRECATED_OBJC_IMPLEMENTATIONS = YES;
				CLANG_WARN_DIRECT_OBJC_ISA_USAGE = YES_ERROR;
				CLANG_WARN_DOCUMENTATION_COMMENTS = YES;
				CLANG_WARN_EMPTY_BODY = YES;
				CLANG_WARN_ENUM_CONVERSION = YES;
				CLANG_WARN_INFINITE_RECURSION = YES;
				CLANG_WARN_INT_CONVERSION = YES;
				CLANG_WARN_NON_LITERAL_NULL_CONVERSION = YES;
				CLANG_WARN_OBJC_IMPLICIT_RETAIN_SELF = YES;
				CLANG_WARN_OBJC_LITERAL_CONVERSION = YES;
				CLANG_WARN_OBJC_ROOT_CLASS = YES_ERROR;
				CLANG_WARN_QUOTED_INCLUDE_IN_FRAMEWORK_HEADER = YES;
				CLANG_WARN_RANGE_LOOP_ANALYSIS = YES;
				CLANG_WARN_STRICT_PROTOTYPES = YES;
				CLANG_WARN_SUSPICIOUS_MOVE = YES;
				CLANG_WARN_UNGUARDED_AVAILABILITY = YES_AGGRESSIVE;
				CLANG_WARN_UNREACHABLE_CODE = YES;
				CLANG_WARN__DUPLICATE_METHOD_MATCH = YES;
				COPY_PHASE_STRIP = NO;
				DEBUG_INFORMATION_FORMAT = dwarf;
				ENABLE_STRICT_OBJC_MSGSEND = YES;
				ENABLE_TESTABILITY = YES;
				GCC_C_LANGUAGE_STANDARD = gnu11;
				GCC_DYNAMIC_NO_PIC = NO;
				GCC_NO_COMMON_BLOCKS = YES;
				GCC_OPTIMIZATION_LEVEL = 0;
				GCC_PREPROCESSOR_DEFINITIONS = (
					"TEST=1",
					"$(inherited)",
				);
				GCC_WARN_64_TO_32_BIT_CONVERSION = YES;
				GCC_WARN_ABOUT_RETURN_TYPE = YES_ERROR;
				GCC_WARN_UNDECLARED_SELECTOR = YES;
				GCC_WARN_UNINITIALIZED_AUTOS = YES_AGGRESSIVE;
				GCC_WARN_UNUSED_FUNCTION = YES;
				GCC_WARN_UNUSED_VARIABLE = YES;
				IPHONEOS_DEPLOYMENT_TARGET = 15.2;
				MTL_ENABLE_DEBUG_INFO = INCLUDE_SOURCE;
				MTL_FAST_MATH = YES;
				ONLY_ACTIVE_ARCH = YES;
				SDKROOT = iphoneos;
				SWIFT_ACTIVE_COMPILATION_CONDITIONS = TEST;
				SWIFT_OPTIMIZATION_LEVEL = "-Onone";
			};
			name = Test;
		};
		8AC3181A27A06A9D00646711 /* Test */ = {
			isa = XCBuildConfiguration;
			buildSettings = {
				ALWAYS_EMBED_SWIFT_STANDARD_LIBRARIES = YES;
				ASSETCATALOG_COMPILER_APPICON_NAME = AppIcon;
				ASSETCATALOG_COMPILER_GLOBAL_ACCENT_COLOR_NAME = AccentColor;
				CODE_SIGN_ENTITLEMENTS = SeSACFriends/SeSACFriends.entitlements;
				CODE_SIGN_STYLE = Automatic;
				CURRENT_PROJECT_VERSION = 1;
				DEVELOPMENT_TEAM = 2EZ5QWFYX2;
				GENERATE_INFOPLIST_FILE = YES;
				INFOPLIST_FILE = SeSACFriends/Resources/Info.plist;
				INFOPLIST_KEY_UIApplicationSupportsIndirectInputEvents = YES;
				INFOPLIST_KEY_UILaunchStoryboardName = LaunchScreen;
				INFOPLIST_KEY_UISupportedInterfaceOrientations_iPad = "UIInterfaceOrientationPortrait UIInterfaceOrientationPortraitUpsideDown UIInterfaceOrientationLandscapeLeft UIInterfaceOrientationLandscapeRight";
				INFOPLIST_KEY_UISupportedInterfaceOrientations_iPhone = "UIInterfaceOrientationPortrait UIInterfaceOrientationLandscapeLeft UIInterfaceOrientationLandscapeRight";
				INFOPLIST_KEY_UIUserInterfaceStyle = Light;
				IPHONEOS_DEPLOYMENT_TARGET = 14.0;
				LD_RUNPATH_SEARCH_PATHS = (
					"$(inherited)",
					"@executable_path/Frameworks",
				);
				MARKETING_VERSION = 1.0;
				PRODUCT_BUNDLE_IDENTIFIER = com.memolease.sesac1;
				PRODUCT_NAME = "$(TARGET_NAME)";
				SWIFT_EMIT_LOC_STRINGS = YES;
				SWIFT_VERSION = 5.0;
				TARGETED_DEVICE_FAMILY = "1,2";
			};
			name = Test;
		};
		8AC3181B27A06A9D00646711 /* Test */ = {
			isa = XCBuildConfiguration;
			buildSettings = {
				CLANG_ENABLE_MODULES = YES;
				CODE_SIGN_STYLE = Automatic;
				CURRENT_PROJECT_VERSION = 1;
				DEFINES_MODULE = YES;
				DEVELOPMENT_TEAM = 2EZ5QWFYX2;
				DYLIB_COMPATIBILITY_VERSION = 1;
				DYLIB_CURRENT_VERSION = 1;
				DYLIB_INSTALL_NAME_BASE = "@rpath";
				GENERATE_INFOPLIST_FILE = YES;
				INFOPLIST_KEY_NSHumanReadableCopyright = "";
				INSTALL_PATH = "$(LOCAL_LIBRARY_DIR)/Frameworks";
				IPHONEOS_DEPLOYMENT_TARGET = 14.0;
				LD_RUNPATH_SEARCH_PATHS = (
					"$(inherited)",
					"@executable_path/Frameworks",
					"@loader_path/Frameworks",
				);
				MARKETING_VERSION = 1.0;
				PRODUCT_BUNDLE_IDENTIFIER = com.GookBob.SeSACFriendsUIKit;
				PRODUCT_NAME = "$(TARGET_NAME:c99extidentifier)";
				SKIP_INSTALL = YES;
				SUPPORTS_MACCATALYST = NO;
				SWIFT_EMIT_LOC_STRINGS = YES;
				SWIFT_OPTIMIZATION_LEVEL = "-Onone";
				SWIFT_VERSION = 5.0;
				TARGETED_DEVICE_FAMILY = "1,2";
				VERSIONING_SYSTEM = "apple-generic";
				VERSION_INFO_PREFIX = "";
			};
			name = Test;
		};
		8AD2132B27965318003DEC53 /* Debug */ = {
			isa = XCBuildConfiguration;
			buildSettings = {
				ALWAYS_SEARCH_USER_PATHS = NO;
				CLANG_ANALYZER_NONNULL = YES;
				CLANG_ANALYZER_NUMBER_OBJECT_CONVERSION = YES_AGGRESSIVE;
				CLANG_CXX_LANGUAGE_STANDARD = "gnu++17";
				CLANG_CXX_LIBRARY = "libc++";
				CLANG_ENABLE_MODULES = YES;
				CLANG_ENABLE_OBJC_ARC = YES;
				CLANG_ENABLE_OBJC_WEAK = YES;
				CLANG_WARN_BLOCK_CAPTURE_AUTORELEASING = YES;
				CLANG_WARN_BOOL_CONVERSION = YES;
				CLANG_WARN_COMMA = YES;
				CLANG_WARN_CONSTANT_CONVERSION = YES;
				CLANG_WARN_DEPRECATED_OBJC_IMPLEMENTATIONS = YES;
				CLANG_WARN_DIRECT_OBJC_ISA_USAGE = YES_ERROR;
				CLANG_WARN_DOCUMENTATION_COMMENTS = YES;
				CLANG_WARN_EMPTY_BODY = YES;
				CLANG_WARN_ENUM_CONVERSION = YES;
				CLANG_WARN_INFINITE_RECURSION = YES;
				CLANG_WARN_INT_CONVERSION = YES;
				CLANG_WARN_NON_LITERAL_NULL_CONVERSION = YES;
				CLANG_WARN_OBJC_IMPLICIT_RETAIN_SELF = YES;
				CLANG_WARN_OBJC_LITERAL_CONVERSION = YES;
				CLANG_WARN_OBJC_ROOT_CLASS = YES_ERROR;
				CLANG_WARN_QUOTED_INCLUDE_IN_FRAMEWORK_HEADER = YES;
				CLANG_WARN_RANGE_LOOP_ANALYSIS = YES;
				CLANG_WARN_STRICT_PROTOTYPES = YES;
				CLANG_WARN_SUSPICIOUS_MOVE = YES;
				CLANG_WARN_UNGUARDED_AVAILABILITY = YES_AGGRESSIVE;
				CLANG_WARN_UNREACHABLE_CODE = YES;
				CLANG_WARN__DUPLICATE_METHOD_MATCH = YES;
				COPY_PHASE_STRIP = NO;
				DEBUG_INFORMATION_FORMAT = dwarf;
				ENABLE_STRICT_OBJC_MSGSEND = YES;
				ENABLE_TESTABILITY = YES;
				GCC_C_LANGUAGE_STANDARD = gnu11;
				GCC_DYNAMIC_NO_PIC = NO;
				GCC_NO_COMMON_BLOCKS = YES;
				GCC_OPTIMIZATION_LEVEL = 0;
				GCC_PREPROCESSOR_DEFINITIONS = (
					"DEBUG=1",
					"$(inherited)",
				);
				GCC_WARN_64_TO_32_BIT_CONVERSION = YES;
				GCC_WARN_ABOUT_RETURN_TYPE = YES_ERROR;
				GCC_WARN_UNDECLARED_SELECTOR = YES;
				GCC_WARN_UNINITIALIZED_AUTOS = YES_AGGRESSIVE;
				GCC_WARN_UNUSED_FUNCTION = YES;
				GCC_WARN_UNUSED_VARIABLE = YES;
				IPHONEOS_DEPLOYMENT_TARGET = 15.2;
				MTL_ENABLE_DEBUG_INFO = INCLUDE_SOURCE;
				MTL_FAST_MATH = YES;
				ONLY_ACTIVE_ARCH = YES;
				SDKROOT = iphoneos;
				SWIFT_ACTIVE_COMPILATION_CONDITIONS = DEBUG;
				SWIFT_OPTIMIZATION_LEVEL = "-Onone";
			};
			name = Debug;
		};
		8AD2132C27965318003DEC53 /* Release */ = {
			isa = XCBuildConfiguration;
			buildSettings = {
				ALWAYS_SEARCH_USER_PATHS = NO;
				CLANG_ANALYZER_NONNULL = YES;
				CLANG_ANALYZER_NUMBER_OBJECT_CONVERSION = YES_AGGRESSIVE;
				CLANG_CXX_LANGUAGE_STANDARD = "gnu++17";
				CLANG_CXX_LIBRARY = "libc++";
				CLANG_ENABLE_MODULES = YES;
				CLANG_ENABLE_OBJC_ARC = YES;
				CLANG_ENABLE_OBJC_WEAK = YES;
				CLANG_WARN_BLOCK_CAPTURE_AUTORELEASING = YES;
				CLANG_WARN_BOOL_CONVERSION = YES;
				CLANG_WARN_COMMA = YES;
				CLANG_WARN_CONSTANT_CONVERSION = YES;
				CLANG_WARN_DEPRECATED_OBJC_IMPLEMENTATIONS = YES;
				CLANG_WARN_DIRECT_OBJC_ISA_USAGE = YES_ERROR;
				CLANG_WARN_DOCUMENTATION_COMMENTS = YES;
				CLANG_WARN_EMPTY_BODY = YES;
				CLANG_WARN_ENUM_CONVERSION = YES;
				CLANG_WARN_INFINITE_RECURSION = YES;
				CLANG_WARN_INT_CONVERSION = YES;
				CLANG_WARN_NON_LITERAL_NULL_CONVERSION = YES;
				CLANG_WARN_OBJC_IMPLICIT_RETAIN_SELF = YES;
				CLANG_WARN_OBJC_LITERAL_CONVERSION = YES;
				CLANG_WARN_OBJC_ROOT_CLASS = YES_ERROR;
				CLANG_WARN_QUOTED_INCLUDE_IN_FRAMEWORK_HEADER = YES;
				CLANG_WARN_RANGE_LOOP_ANALYSIS = YES;
				CLANG_WARN_STRICT_PROTOTYPES = YES;
				CLANG_WARN_SUSPICIOUS_MOVE = YES;
				CLANG_WARN_UNGUARDED_AVAILABILITY = YES_AGGRESSIVE;
				CLANG_WARN_UNREACHABLE_CODE = YES;
				CLANG_WARN__DUPLICATE_METHOD_MATCH = YES;
				COPY_PHASE_STRIP = NO;
				DEBUG_INFORMATION_FORMAT = "dwarf-with-dsym";
				ENABLE_NS_ASSERTIONS = NO;
				ENABLE_STRICT_OBJC_MSGSEND = YES;
				GCC_C_LANGUAGE_STANDARD = gnu11;
				GCC_NO_COMMON_BLOCKS = YES;
				GCC_WARN_64_TO_32_BIT_CONVERSION = YES;
				GCC_WARN_ABOUT_RETURN_TYPE = YES_ERROR;
				GCC_WARN_UNDECLARED_SELECTOR = YES;
				GCC_WARN_UNINITIALIZED_AUTOS = YES_AGGRESSIVE;
				GCC_WARN_UNUSED_FUNCTION = YES;
				GCC_WARN_UNUSED_VARIABLE = YES;
				IPHONEOS_DEPLOYMENT_TARGET = 15.2;
				MTL_ENABLE_DEBUG_INFO = NO;
				MTL_FAST_MATH = YES;
				SDKROOT = iphoneos;
				SWIFT_COMPILATION_MODE = wholemodule;
				SWIFT_OPTIMIZATION_LEVEL = "-O";
				VALIDATE_PRODUCT = YES;
			};
			name = Release;
		};
		8AD2132E27965318003DEC53 /* Debug */ = {
			isa = XCBuildConfiguration;
			buildSettings = {
				ALWAYS_EMBED_SWIFT_STANDARD_LIBRARIES = YES;
				ASSETCATALOG_COMPILER_APPICON_NAME = AppIcon;
				ASSETCATALOG_COMPILER_GLOBAL_ACCENT_COLOR_NAME = AccentColor;
				CODE_SIGN_ENTITLEMENTS = SeSACFriends/SeSACFriends.entitlements;
				CODE_SIGN_STYLE = Automatic;
				CURRENT_PROJECT_VERSION = 1;
				DEVELOPMENT_TEAM = 2EZ5QWFYX2;
				GENERATE_INFOPLIST_FILE = YES;
				INFOPLIST_FILE = SeSACFriends/Resources/Info.plist;
				INFOPLIST_KEY_UIApplicationSupportsIndirectInputEvents = YES;
				INFOPLIST_KEY_UILaunchStoryboardName = LaunchScreen;
				INFOPLIST_KEY_UISupportedInterfaceOrientations_iPad = "UIInterfaceOrientationPortrait UIInterfaceOrientationPortraitUpsideDown UIInterfaceOrientationLandscapeLeft UIInterfaceOrientationLandscapeRight";
				INFOPLIST_KEY_UISupportedInterfaceOrientations_iPhone = "UIInterfaceOrientationPortrait UIInterfaceOrientationLandscapeLeft UIInterfaceOrientationLandscapeRight";
				INFOPLIST_KEY_UIUserInterfaceStyle = Light;
				IPHONEOS_DEPLOYMENT_TARGET = 14.0;
				LD_RUNPATH_SEARCH_PATHS = (
					"$(inherited)",
					"@executable_path/Frameworks",
				);
				MARKETING_VERSION = 1.0;
				PRODUCT_BUNDLE_IDENTIFIER = com.memolease.sesac1;
				PRODUCT_NAME = "$(TARGET_NAME)";
				SWIFT_EMIT_LOC_STRINGS = YES;
				SWIFT_VERSION = 5.0;
				TARGETED_DEVICE_FAMILY = "1,2";
			};
			name = Debug;
		};
		8AD2132F27965318003DEC53 /* Release */ = {
			isa = XCBuildConfiguration;
			buildSettings = {
				ALWAYS_EMBED_SWIFT_STANDARD_LIBRARIES = YES;
				ASSETCATALOG_COMPILER_APPICON_NAME = AppIcon;
				ASSETCATALOG_COMPILER_GLOBAL_ACCENT_COLOR_NAME = AccentColor;
				CODE_SIGN_ENTITLEMENTS = SeSACFriends/SeSACFriends.entitlements;
				CODE_SIGN_STYLE = Automatic;
				CURRENT_PROJECT_VERSION = 1;
				DEVELOPMENT_TEAM = 2EZ5QWFYX2;
				GENERATE_INFOPLIST_FILE = YES;
				INFOPLIST_FILE = SeSACFriends/Resources/Info.plist;
				INFOPLIST_KEY_UIApplicationSupportsIndirectInputEvents = YES;
				INFOPLIST_KEY_UILaunchStoryboardName = LaunchScreen;
				INFOPLIST_KEY_UISupportedInterfaceOrientations_iPad = "UIInterfaceOrientationPortrait UIInterfaceOrientationPortraitUpsideDown UIInterfaceOrientationLandscapeLeft UIInterfaceOrientationLandscapeRight";
				INFOPLIST_KEY_UISupportedInterfaceOrientations_iPhone = "UIInterfaceOrientationPortrait UIInterfaceOrientationLandscapeLeft UIInterfaceOrientationLandscapeRight";
				INFOPLIST_KEY_UIUserInterfaceStyle = Light;
				IPHONEOS_DEPLOYMENT_TARGET = 14.0;
				LD_RUNPATH_SEARCH_PATHS = (
					"$(inherited)",
					"@executable_path/Frameworks",
				);
				MARKETING_VERSION = 1.0;
				PRODUCT_BUNDLE_IDENTIFIER = com.memolease.sesac1;
				PRODUCT_NAME = "$(TARGET_NAME)";
				SWIFT_EMIT_LOC_STRINGS = YES;
				SWIFT_VERSION = 5.0;
				TARGETED_DEVICE_FAMILY = "1,2";
			};
			name = Release;
		};
/* End XCBuildConfiguration section */

/* Begin XCConfigurationList section */
		8A4103EB2798EA7D0039C9FA /* Build configuration list for PBXNativeTarget "SeSACFriendsUIKit" */ = {
			isa = XCConfigurationList;
			buildConfigurations = (
				8A4103E92798EA7D0039C9FA /* Debug */,
				8AC3181B27A06A9D00646711 /* Test */,
				8A4103EA2798EA7D0039C9FA /* Release */,
			);
			defaultConfigurationIsVisible = 0;
			defaultConfigurationName = Release;
		};
		8AD2131427965316003DEC53 /* Build configuration list for PBXProject "SeSACFriends" */ = {
			isa = XCConfigurationList;
			buildConfigurations = (
				8AD2132B27965318003DEC53 /* Debug */,
				8AC3181927A06A9D00646711 /* Test */,
				8AD2132C27965318003DEC53 /* Release */,
			);
			defaultConfigurationIsVisible = 0;
			defaultConfigurationName = Release;
		};
		8AD2132D27965318003DEC53 /* Build configuration list for PBXNativeTarget "SeSACFriends" */ = {
			isa = XCConfigurationList;
			buildConfigurations = (
				8AD2132E27965318003DEC53 /* Debug */,
				8AC3181A27A06A9D00646711 /* Test */,
				8AD2132F27965318003DEC53 /* Release */,
			);
			defaultConfigurationIsVisible = 0;
			defaultConfigurationName = Release;
		};
/* End XCConfigurationList section */

/* Begin XCRemoteSwiftPackageReference section */
		8A09E6D72796A2FE005D98BF /* XCRemoteSwiftPackageReference "Then" */ = {
			isa = XCRemoteSwiftPackageReference;
			repositoryURL = "https://github.com/devxoul/Then.git";
			requirement = {
				kind = upToNextMajorVersion;
				minimumVersion = 2.0.0;
			};
		};
		8A09E6DA2796A30A005D98BF /* XCRemoteSwiftPackageReference "SnapKit" */ = {
			isa = XCRemoteSwiftPackageReference;
			repositoryURL = "https://github.com/SnapKit/SnapKit.git";
			requirement = {
				kind = upToNextMajorVersion;
				minimumVersion = 5.0.0;
			};
		};
		8AC317FC279F13F900646711 /* XCRemoteSwiftPackageReference "Toast-Swift" */ = {
			isa = XCRemoteSwiftPackageReference;
			repositoryURL = "https://github.com/scalessec/Toast-Swift.git";
			requirement = {
				kind = upToNextMajorVersion;
				minimumVersion = 5.0.0;
			};
		};
		8AC3180B27A0309400646711 /* XCRemoteSwiftPackageReference "firebase-ios-sdk" */ = {
			isa = XCRemoteSwiftPackageReference;
			repositoryURL = "https://github.com/firebase/firebase-ios-sdk";
			requirement = {
				kind = upToNextMajorVersion;
				minimumVersion = 8.0.0;
			};
		};
		8AD1305B27A599E200E482BC /* XCRemoteSwiftPackageReference "RxGesture" */ = {
			isa = XCRemoteSwiftPackageReference;
			repositoryURL = "https://github.com/RxSwiftCommunity/RxGesture.git";
			requirement = {
				kind = upToNextMajorVersion;
				minimumVersion = 4.0.0;
			};
		};
		8AEDF7DD279DD39300E3B16F /* XCRemoteSwiftPackageReference "RxSwift" */ = {
			isa = XCRemoteSwiftPackageReference;
			repositoryURL = "https://github.com/ReactiveX/RxSwift.git";
			requirement = {
				kind = upToNextMajorVersion;
				minimumVersion = 6.0.0;
			};
		};
		8AF5DA9327A6FB8700AE3537 /* XCRemoteSwiftPackageReference "RxKeyboard" */ = {
			isa = XCRemoteSwiftPackageReference;
			repositoryURL = "https://github.com/RxSwiftCommunity/RxKeyboard.git";
			requirement = {
				kind = upToNextMajorVersion;
				minimumVersion = 2.0.0;
			};
		};
/* End XCRemoteSwiftPackageReference section */

/* Begin XCSwiftPackageProductDependency section */
		8A09E6D82796A2FE005D98BF /* Then */ = {
			isa = XCSwiftPackageProductDependency;
			package = 8A09E6D72796A2FE005D98BF /* XCRemoteSwiftPackageReference "Then" */;
			productName = Then;
		};
		8A09E6DB2796A30A005D98BF /* SnapKit */ = {
			isa = XCSwiftPackageProductDependency;
			package = 8A09E6DA2796A30A005D98BF /* XCRemoteSwiftPackageReference "SnapKit" */;
			productName = SnapKit;
		};
		8A6DB1EC2799374C00477705 /* Then */ = {
			isa = XCSwiftPackageProductDependency;
			package = 8A09E6D72796A2FE005D98BF /* XCRemoteSwiftPackageReference "Then" */;
			productName = Then;
		};
		8A6DB1EE2799374F00477705 /* SnapKit */ = {
			isa = XCSwiftPackageProductDependency;
			package = 8A09E6DA2796A30A005D98BF /* XCRemoteSwiftPackageReference "SnapKit" */;
			productName = SnapKit;
		};
		8AC317EB279ED5ED00646711 /* RxCocoa */ = {
			isa = XCSwiftPackageProductDependency;
			package = 8AEDF7DD279DD39300E3B16F /* XCRemoteSwiftPackageReference "RxSwift" */;
			productName = RxCocoa;
		};
		8AC317ED279ED5F100646711 /* RxSwift */ = {
			isa = XCSwiftPackageProductDependency;
			package = 8AEDF7DD279DD39300E3B16F /* XCRemoteSwiftPackageReference "RxSwift" */;
			productName = RxSwift;
		};
		8AC317FD279F13F900646711 /* Toast */ = {
			isa = XCSwiftPackageProductDependency;
			package = 8AC317FC279F13F900646711 /* XCRemoteSwiftPackageReference "Toast-Swift" */;
			productName = Toast;
		};
		8AC3180C27A0309400646711 /* FirebaseAuth */ = {
			isa = XCSwiftPackageProductDependency;
			package = 8AC3180B27A0309400646711 /* XCRemoteSwiftPackageReference "firebase-ios-sdk" */;
			productName = FirebaseAuth;
		};
		8AC3180E27A0309400646711 /* FirebaseInAppMessagingSwift-Beta */ = {
			isa = XCSwiftPackageProductDependency;
			package = 8AC3180B27A0309400646711 /* XCRemoteSwiftPackageReference "firebase-ios-sdk" */;
			productName = "FirebaseInAppMessagingSwift-Beta";
		};
		8AC3181027A0309400646711 /* FirebaseMessaging */ = {
			isa = XCSwiftPackageProductDependency;
			package = 8AC3180B27A0309400646711 /* XCRemoteSwiftPackageReference "firebase-ios-sdk" */;
			productName = FirebaseMessaging;
		};
		8AD1305C27A599E200E482BC /* RxGesture */ = {
			isa = XCSwiftPackageProductDependency;
			package = 8AD1305B27A599E200E482BC /* XCRemoteSwiftPackageReference "RxGesture" */;
			productName = RxGesture;
		};
		8AEDF7DE279DD39300E3B16F /* RxCocoa */ = {
			isa = XCSwiftPackageProductDependency;
			package = 8AEDF7DD279DD39300E3B16F /* XCRemoteSwiftPackageReference "RxSwift" */;
			productName = RxCocoa;
		};
		8AEDF7E0279DD39300E3B16F /* RxRelay */ = {
			isa = XCSwiftPackageProductDependency;
			package = 8AEDF7DD279DD39300E3B16F /* XCRemoteSwiftPackageReference "RxSwift" */;
			productName = RxRelay;
		};
		8AEDF7E2279DD39300E3B16F /* RxSwift */ = {
			isa = XCSwiftPackageProductDependency;
			package = 8AEDF7DD279DD39300E3B16F /* XCRemoteSwiftPackageReference "RxSwift" */;
			productName = RxSwift;
		};
		8AF5DA9427A6FB8700AE3537 /* RxKeyboard */ = {
			isa = XCSwiftPackageProductDependency;
			package = 8AF5DA9327A6FB8700AE3537 /* XCRemoteSwiftPackageReference "RxKeyboard" */;
			productName = RxKeyboard;
		};
/* End XCSwiftPackageProductDependency section */
	};
	rootObject = 8AD2131127965316003DEC53 /* Project object */;
}
